
Microsoft Visual Studio Solution File, Format Version 12.00
# Visual Studio Version 16
VisualStudioVersion = 16.0.31205.134
MinimumVisualStudioVersion = 10.0.40219.1
Project("{FAE04EC0-301F-11D3-BF4B-00C04F79EFBC}") = "Layouts.UWP", "Layouts.UWP\Layouts.UWP.csproj", "{60DE279E-CD3A-4F8C-B0B4-2F3ABCEF8A9A}"
EndProject
Project("{FAE04EC0-301F-11D3-BF4B-00C04F79EFBC}") = "Layouts.Android", "Layouts.Android\Layouts.Android.csproj", "{2A76025D-B64B-41B6-9F00-9ECBB5AC4AAB}"
EndProject
Project("{FAE04EC0-301F-11D3-BF4B-00C04F79EFBC}") = "Layouts.iOS", "Layouts.iOS\Layouts.iOS.csproj", "{7D1DF606-3C75-48D7-BEBE-0639CE29633B}"
EndProject
Project("{FAE04EC0-301F-11D3-BF4B-00C04F79EFBC}") = "Layouts", "Layouts\Layouts.csproj", "{52E7C14A-9C97-4D63-BFCC-ED13F2E7D29C}"
EndProject
Global
	GlobalSection(SolutionConfigurationPlatforms) = preSolution
		Debug|Any CPU = Debug|Any CPU
		Debug|ARM = Debug|ARM
		Debug|iPhone = Debug|iPhone
		Debug|iPhoneSimulator = Debug|iPhoneSimulator
		Debug|x64 = Debug|x64
		Debug|x86 = Debug|x86
		Release|Any CPU = Release|Any CPU
		Release|ARM = Release|ARM
		Release|iPhone = Release|iPhone
		Release|iPhoneSimulator = Release|iPhoneSimulator
		Release|x64 = Release|x64
		Release|x86 = Release|x86
	EndGlobalSection
	GlobalSection(ProjectConfigurationPlatforms) = postSolution
		{60DE279E-CD3A-4F8C-B0B4-2F3ABCEF8A9A}.Debug|Any CPU.ActiveCfg = Debug|x86
		{60DE279E-CD3A-4F8C-B0B4-2F3ABCEF8A9A}.Debug|Any CPU.Build.0 = Debug|x86
		{60DE279E-CD3A-4F8C-B0B4-2F3ABCEF8A9A}.Debug|Any CPU.Deploy.0 = Debug|x86
		{60DE279E-CD3A-4F8C-B0B4-2F3ABCEF8A9A}.Debug|ARM.ActiveCfg = Debug|ARM
		{60DE279E-CD3A-4F8C-B0B4-2F3ABCEF8A9A}.Debug|ARM.Build.0 = Debug|ARM
		{60DE279E-CD3A-4F8C-B0B4-2F3ABCEF8A9A}.Debug|ARM.Deploy.0 = Debug|ARM
		{60DE279E-CD3A-4F8C-B0B4-2F3ABCEF8A9A}.Debug|iPhone.ActiveCfg = Debug|x86
		{60DE279E-CD3A-4F8C-B0B4-2F3ABCEF8A9A}.Debug|iPhone.Build.0 = Debug|x86
		{60DE279E-CD3A-4F8C-B0B4-2F3ABCEF8A9A}.Debug|iPhone.Deploy.0 = Debug|x86
		{60DE279E-CD3A-4F8C-B0B4-2F3ABCEF8A9A}.Debug|iPhoneSimulator.ActiveCfg = Debug|x86
		{60DE279E-CD3A-4F8C-B0B4-2F3ABCEF8A9A}.Debug|iPhoneSimulator.Build.0 = Debug|x86
		{60DE279E-CD3A-4F8C-B0B4-2F3ABCEF8A9A}.Debug|iPhoneSimulator.Deploy.0 = Debug|x86
		{60DE279E-CD3A-4F8C-B0B4-2F3ABCEF8A9A}.Debug|x64.ActiveCfg = Debug|x64
		{60DE279E-CD3A-4F8C-B0B4-2F3ABCEF8A9A}.Debug|x64.Build.0 = Debug|x64
		{60DE279E-CD3A-4F8C-B0B4-2F3ABCEF8A9A}.Debug|x64.Deploy.0 = Debug|x64
		{60DE279E-CD3A-4F8C-B0B4-2F3ABCEF8A9A}.Debug|x86.ActiveCfg = Debug|x86
		{60DE279E-CD3A-4F8C-B0B4-2F3ABCEF8A9A}.Debug|x86.Build.0 = Debug|x86
		{60DE279E-CD3A-4F8C-B0B4-2F3ABCEF8A9A}.Debug|x86.Deploy.0 = Debug|x86
		{60DE279E-CD3A-4F8C-B0B4-2F3ABCEF8A9A}.Release|Any CPU.ActiveCfg = Release|x86
		{60DE279E-CD3A-4F8C-B0B4-2F3ABCEF8A9A}.Release|Any CPU.Build.0 = Release|x86
		{60DE279E-CD3A-4F8C-B0B4-2F3ABCEF8A9A}.Release|Any CPU.Deploy.0 = Release|x86
		{60DE279E-CD3A-4F8C-B0B4-2F3ABCEF8A9A}.Release|ARM.ActiveCfg = Release|ARM
		{60DE279E-CD3A-4F8C-B0B4-2F3ABCEF8A9A}.Release|ARM.Build.0 = Release|ARM
		{60DE279E-CD3A-4F8C-B0B4-2F3ABCEF8A9A}.Release|ARM.Deploy.0 = Release|ARM
		{60DE279E-CD3A-4F8C-B0B4-2F3ABCEF8A9A}.Release|iPhone.ActiveCfg = Release|x86
		{60DE279E-CD3A-4F8C-B0B4-2F3ABCEF8A9A}.Release|iPhone.Build.0 = Release|x86
		{60DE279E-CD3A-4F8C-B0B4-2F3ABCEF8A9A}.Release|iPhone.Deploy.0 = Release|x86
		{60DE279E-CD3A-4F8C-B0B4-2F3ABCEF8A9A}.Release|iPhoneSimulator.ActiveCfg = Release|x86
		{60DE279E-CD3A-4F8C-B0B4-2F3ABCEF8A9A}.Release|iPhoneSimulator.Build.0 = Release|x86
		{60DE279E-CD3A-4F8C-B0B4-2F3ABCEF8A9A}.Release|iPhoneSimulator.Deploy.0 = Release|x86
		{60DE279E-CD3A-4F8C-B0B4-2F3ABCEF8A9A}.Release|x64.ActiveCfg = Release|x64
		{60DE279E-CD3A-4F8C-B0B4-2F3ABCEF8A9A}.Release|x64.Build.0 = Release|x64
		{60DE279E-CD3A-4F8C-B0B4-2F3ABCEF8A9A}.Release|x64.Deploy.0 = Release|x64
		{60DE279E-CD3A-4F8C-B0B4-2F3ABCEF8A9A}.Release|x86.ActiveCfg = Release|x86
		{60DE279E-CD3A-4F8C-B0B4-2F3ABCEF8A9A}.Release|x86.Build.0 = Release|x86
		{60DE279E-CD3A-4F8C-B0B4-2F3ABCEF8A9A}.Release|x86.Deploy.0 = Release|x86
		{2A76025D-B64B-41B6-9F00-9ECBB5AC4AAB}.Debug|Any CPU.ActiveCfg = Debug|Any CPU
		{2A76025D-B64B-41B6-9F00-9ECBB5AC4AAB}.Debug|Any CPU.Build.0 = Debug|Any CPU
		{2A76025D-B64B-41B6-9F00-9ECBB5AC4AAB}.Debug|Any CPU.Deploy.0 = Debug|Any CPU
		{2A76025D-B64B-41B6-9F00-9ECBB5AC4AAB}.Debug|ARM.ActiveCfg = Debug|Any CPU
		{2A76025D-B64B-41B6-9F00-9ECBB5AC4AAB}.Debug|ARM.Build.0 = Debug|Any CPU
		{2A76025D-B64B-41B6-9F00-9ECBB5AC4AAB}.Debug|ARM.Deploy.0 = Debug|Any CPU
		{2A76025D-B64B-41B6-9F00-9ECBB5AC4AAB}.Debug|iPhone.ActiveCfg = Debug|Any CPU
		{2A76025D-B64B-41B6-9F00-9ECBB5AC4AAB}.Debug|iPhone.Build.0 = Debug|Any CPU
		{2A76025D-B64B-41B6-9F00-9ECBB5AC4AAB}.Debug|iPhone.Deploy.0 = Debug|Any CPU
		{2A76025D-B64B-41B6-9F00-9ECBB5AC4AAB}.Debug|iPhoneSimulator.ActiveCfg = Debug|Any CPU
		{2A76025D-B64B-41B6-9F00-9ECBB5AC4AAB}.Debug|iPhoneSimulator.Build.0 = Debug|Any CPU
		{2A76025D-B64B-41B6-9F00-9ECBB5AC4AAB}.Debug|iPhoneSimulator.Deploy.0 = Debug|Any CPU
		{2A76025D-B64B-41B6-9F00-9ECBB5AC4AAB}.Debug|x64.ActiveCfg = Debug|Any CPU
		{2A76025D-B64B-41B6-9F00-9ECBB5AC4AAB}.Debug|x64.Build.0 = Debug|Any CPU
		{2A76025D-B64B-41B6-9F00-9ECBB5AC4AAB}.Debug|x64.Deploy.0 = Debug|Any CPU
		{2A76025D-B64B-41B6-9F00-9ECBB5AC4AAB}.Debug|x86.ActiveCfg = Debug|Any CPU
		{2A76025D-B64B-41B6-9F00-9ECBB5AC4AAB}.Debug|x86.Build.0 = Debug|Any CPU
		{2A76025D-B64B-41B6-9F00-9ECBB5AC4AAB}.Debug|x86.Deploy.0 = Debug|Any CPU
		{2A76025D-B64B-41B6-9F00-9ECBB5AC4AAB}.Release|Any CPU.ActiveCfg = Release|Any CPU
		{2A76025D-B64B-41B6-9F00-9ECBB5AC4AAB}.Release|Any CPU.Build.0 = Release|Any CPU
		{2A76025D-B64B-41B6-9F00-9ECBB5AC4AAB}.Release|Any CPU.Deploy.0 = Release|Any CPU
		{2A76025D-B64B-41B6-9F00-9ECBB5AC4AAB}.Release|ARM.ActiveCfg = Release|Any CPU
		{2A76025D-B64B-41B6-9F00-9ECBB5AC4AAB}.Release|ARM.Build.0 = Release|Any CPU
		{2A76025D-B64B-41B6-9F00-9ECBB5AC4AAB}.Release|ARM.Deploy.0 = Release|Any CPU
		{2A76025D-B64B-41B6-9F00-9ECBB5AC4AAB}.Release|iPhone.ActiveCfg = Release|Any CPU
		{2A76025D-B64B-41B6-9F00-9ECBB5AC4AAB}.Release|iPhone.Build.0 = Release|Any CPU
		{2A76025D-B64B-41B6-9F00-9ECBB5AC4AAB}.Release|iPhone.Deploy.0 = Release|Any CPU
		{2A76025D-B64B-41B6-9F00-9ECBB5AC4AAB}.Release|iPhoneSimulator.ActiveCfg = Release|Any CPU
		{2A76025D-B64B-41B6-9F00-9ECBB5AC4AAB}.Release|iPhoneSimulator.Build.0 = Release|Any CPU
		{2A76025D-B64B-41B6-9F00-9ECBB5AC4AAB}.Release|iPhoneSimulator.Deploy.0 = Release|Any CPU
		{2A76025D-B64B-41B6-9F00-9ECBB5AC4AAB}.Release|x64.ActiveCfg = Release|Any CPU
		{2A76025D-B64B-41B6-9F00-9ECBB5AC4AAB}.Release|x64.Build.0 = Release|Any CPU
		{2A76025D-B64B-41B6-9F00-9ECBB5AC4AAB}.Release|x64.Deploy.0 = Release|Any CPU
		{2A76025D-B64B-41B6-9F00-9ECBB5AC4AAB}.Release|x86.ActiveCfg = Release|Any CPU
		{2A76025D-B64B-41B6-9F00-9ECBB5AC4AAB}.Release|x86.Build.0 = Release|Any CPU
		{2A76025D-B64B-41B6-9F00-9ECBB5AC4AAB}.Release|x86.Deploy.0 = Release|Any CPU
		{7D1DF606-3C75-48D7-BEBE-0639CE29633B}.Debug|Any CPU.ActiveCfg = Debug|iPhoneSimulator
		{7D1DF606-3C75-48D7-BEBE-0639CE29633B}.Debug|Any CPU.Build.0 = Debug|iPhoneSimulator
		{7D1DF606-3C75-48D7-BEBE-0639CE29633B}.Debug|Any CPU.Deploy.0 = Debug|iPhoneSimulator
		{7D1DF606-3C75-48D7-BEBE-0639CE29633B}.Debug|ARM.ActiveCfg = Debug|iPhone
		{7D1DF606-3C75-48D7-BEBE-0639CE29633B}.Debug|ARM.Build.0 = Debug|iPhone
		{7D1DF606-3C75-48D7-BEBE-0639CE29633B}.Debug|ARM.Deploy.0 = Debug|iPhone
		{7D1DF606-3C75-48D7-BEBE-0639CE29633B}.Debug|iPhone.ActiveCfg = Debug|iPhone
		{7D1DF606-3C75-48D7-BEBE-0639CE29633B}.Debug|iPhone.Build.0 = Debug|iPhone
		{7D1DF606-3C75-48D7-BEBE-0639CE29633B}.Debug|iPhone.Deploy.0 = Debug|iPhone
		{7D1DF606-3C75-48D7-BEBE-0639CE29633B}.Debug|iPhoneSimulator.ActiveCfg = Debug|iPhoneSimulator
		{7D1DF606-3C75-48D7-BEBE-0639CE29633B}.Debug|iPhoneSimulator.Build.0 = Debug|iPhoneSimulator
		{7D1DF606-3C75-48D7-BEBE-0639CE29633B}.Debug|iPhoneSimulator.Deploy.0 = Debug|iPhoneSimulator
		{7D1DF606-3C75-48D7-BEBE-0639CE29633B}.Debug|x64.ActiveCfg = Debug|iPhoneSimulator
		{7D1DF606-3C75-48D7-BEBE-0639CE29633B}.Debug|x64.Build.0 = Debug|iPhoneSimulator
		{7D1DF606-3C75-48D7-BEBE-0639CE29633B}.Debug|x64.Deploy.0 = Debug|iPhoneSimulator
		{7D1DF606-3C75-48D7-BEBE-0639CE29633B}.Debug|x86.ActiveCfg = Debug|iPhoneSimulator
		{7D1DF606-3C75-48D7-BEBE-0639CE29633B}.Debug|x86.Build.0 = Debug|iPhoneSimulator
		{7D1DF606-3C75-48D7-BEBE-0639CE29633B}.Debug|x86.Deploy.0 = Debug|iPhoneSimulator
		{7D1DF606-3C75-48D7-BEBE-0639CE29633B}.Release|Any CPU.ActiveCfg = Release|iPhoneSimulator
		{7D1DF606-3C75-48D7-BEBE-0639CE29633B}.Release|Any CPU.Build.0 = Release|iPhoneSimulator
		{7D1DF606-3C75-48D7-BEBE-0639CE29633B}.Release|Any CPU.Deploy.0 = Release|iPhoneSimulator
		{7D1DF606-3C75-48D7-BEBE-0639CE29633B}.Release|ARM.ActiveCfg = Release|iPhoneSimulator
		{7D1DF606-3C75-48D7-BEBE-0639CE29633B}.Release|ARM.Build.0 = Release|iPhoneSimulator
		{7D1DF606-3C75-48D7-BEBE-0639CE29633B}.Release|ARM.Deploy.0 = Release|iPhoneSimulator
		{7D1DF606-3C75-48D7-BEBE-0639CE29633B}.Release|iPhone.ActiveCfg = Release|iPhone
		{7D1DF606-3C75-48D7-BEBE-0639CE29633B}.Release|iPhone.Build.0 = Release|iPhone
		{7D1DF606-3C75-48D7-BEBE-0639CE29633B}.Release|iPhone.Deploy.0 = Release|iPhone
		{7D1DF606-3C75-48D7-BEBE-0639CE29633B}.Release|iPhoneSimulator.ActiveCfg = Release|iPhoneSimulator
		{7D1DF606-3C75-48D7-BEBE-0639CE29633B}.Release|iPhoneSimulator.Build.0 = Release|iPhoneSimulator
		{7D1DF606-3C75-48D7-BEBE-0639CE29633B}.Release|iPhoneSimulator.Deploy.0 = Release|iPhoneSimulator
		{7D1DF606-3C75-48D7-BEBE-0639CE29633B}.Release|x64.ActiveCfg = Release|iPhoneSimulator
		{7D1DF606-3C75-48D7-BEBE-0639CE29633B}.Release|x64.Build.0 = Release|iPhoneSimulator
		{7D1DF606-3C75-48D7-BEBE-0639CE29633B}.Release|x64.Deploy.0 = Release|iPhoneSimulator
		{7D1DF606-3C75-48D7-BEBE-0639CE29633B}.Release|x86.ActiveCfg = Release|iPhoneSimulator
		{7D1DF606-3C75-48D7-BEBE-0639CE29633B}.Release|x86.Build.0 = Release|iPhoneSimulator
		{7D1DF606-3C75-48D7-BEBE-0639CE29633B}.Release|x86.Deploy.0 = Release|iPhoneSimulator
		{52E7C14A-9C97-4D63-BFCC-ED13F2E7D29C}.Debug|Any CPU.ActiveCfg = Debug|Any CPU
		{52E7C14A-9C97-4D63-BFCC-ED13F2E7D29C}.Debug|Any CPU.Build.0 = Debug|Any CPU
		{52E7C14A-9C97-4D63-BFCC-ED13F2E7D29C}.Debug|Any CPU.Deploy.0 = Debug|Any CPU
		{52E7C14A-9C97-4D63-BFCC-ED13F2E7D29C}.Debug|ARM.ActiveCfg = Debug|Any CPU
		{52E7C14A-9C97-4D63-BFCC-ED13F2E7D29C}.Debug|ARM.Build.0 = Debug|Any CPU
		{52E7C14A-9C97-4D63-BFCC-ED13F2E7D29C}.Debug|ARM.Deploy.0 = Debug|Any CPU
		{52E7C14A-9C97-4D63-BFCC-ED13F2E7D29C}.Debug|iPhone.ActiveCfg = Debug|Any CPU
		{52E7C14A-9C97-4D63-BFCC-ED13F2E7D29C}.Debug|iPhone.Build.0 = Debug|Any CPU
		{52E7C14A-9C97-4D63-BFCC-ED13F2E7D29C}.Debug|iPhone.Deploy.0 = Debug|Any CPU
		{52E7C14A-9C97-4D63-BFCC-ED13F2E7D29C}.Debug|iPhoneSimulator.ActiveCfg = Debug|Any CPU
		{52E7C14A-9C97-4D63-BFCC-ED13F2E7D29C}.Debug|iPhoneSimulator.Build.0 = Debug|Any CPU
		{52E7C14A-9C97-4D63-BFCC-ED13F2E7D29C}.Debug|iPhoneSimulator.Deploy.0 = Debug|Any CPU
		{52E7C14A-9C97-4D63-BFCC-ED13F2E7D29C}.Debug|x64.ActiveCfg = Debug|Any CPU
		{52E7C14A-9C97-4D63-BFCC-ED13F2E7D29C}.Debug|x64.Build.0 = Debug|Any CPU
		{52E7C14A-9C97-4D63-BFCC-ED13F2E7D29C}.Debug|x64.Deploy.0 = Debug|Any CPU
		{52E7C14A-9C97-4D63-BFCC-ED13F2E7D29C}.Debug|x86.ActiveCfg = Debug|Any CPU
		{52E7C14A-9C97-4D63-BFCC-ED13F2E7D29C}.Debug|x86.Build.0 = Debug|Any CPU
		{52E7C14A-9C97-4D63-BFCC-ED13F2E7D29C}.Debug|x86.Deploy.0 = Debug|Any CPU
		{52E7C14A-9C97-4D63-BFCC-ED13F2E7D29C}.Release|Any CPU.ActiveCfg = Release|Any CPU
		{52E7C14A-9C97-4D63-BFCC-ED13F2E7D29C}.Release|Any CPU.Build.0 = Release|Any CPU
		{52E7C14A-9C97-4D63-BFCC-ED13F2E7D29C}.Release|Any CPU.Deploy.0 = Release|Any CPU
		{52E7C14A-9C97-4D63-BFCC-ED13F2E7D29C}.Release|ARM.ActiveCfg = Release|Any CPU
		{52E7C14A-9C97-4D63-BFCC-ED13F2E7D29C}.Release|ARM.Build.0 = Release|Any CPU
		{52E7C14A-9C97-4D63-BFCC-ED13F2E7D29C}.Release|ARM.Deploy.0 = Release|Any CPU
		{52E7C14A-9C97-4D63-BFCC-ED13F2E7D29C}.Release|iPhone.ActiveCfg = Release|Any CPU
		{52E7C14A-9C97-4D63-BFCC-ED13F2E7D29C}.Release|iPhone.Build.0 = Release|Any CPU
		{52E7C14A-9C97-4D63-BFCC-ED13F2E7D29C}.Release|iPhone.Deploy.0 = Release|Any CPU
		{52E7C14A-9C97-4D63-BFCC-ED13F2E7D29C}.Release|iPhoneSimulator.ActiveCfg = Release|Any CPU
		{52E7C14A-9C97-4D63-BFCC-ED13F2E7D29C}.Release|iPhoneSimulator.Build.0 = Release|Any CPU
		{52E7C14A-9C97-4D63-BFCC-ED13F2E7D29C}.Release|iPhoneSimulator.Deploy.0 = Release|Any CPU
		{52E7C14A-9C97-4D63-BFCC-ED13F2E7D29C}.Release|x64.ActiveCfg = Release|Any CPU
		{52E7C14A-9C97-4D63-BFCC-ED13F2E7D29C}.Release|x64.Build.0 = Release|Any CPU
		{52E7C14A-9C97-4D63-BFCC-ED13F2E7D29C}.Release|x64.Deploy.0 = Release|Any CPU
		{52E7C14A-9C97-4D63-BFCC-ED13F2E7D29C}.Release|x86.ActiveCfg = Release|Any CPU
		{52E7C14A-9C97-4D63-BFCC-ED13F2E7D29C}.Release|x86.Build.0 = Release|Any CPU
		{52E7C14A-9C97-4D63-BFCC-ED13F2E7D29C}.Release|x86.Deploy.0 = Release|Any CPU
	EndGlobalSection
	GlobalSection(SolutionProperties) = preSolution
		HideSolutionNode = FALSE
	EndGlobalSection
	GlobalSection(ExtensibilityGlobals) = postSolution
		SolutionGuid = {52994947-2F46-4F44-88F7-DC4B6B3F2949}
	EndGlobalSection
EndGlobal
