
Microsoft Visual Studio Solution File, Format Version 12.00
# Visual Studio Version 16
VisualStudioVersion = 16.0.31205.134
MinimumVisualStudioVersion = 10.0.40219.1
Project("{FAE04EC0-301F-11D3-BF4B-00C04F79EFBC}") = "Date_Time.UWP", "Date_Time.UWP\Date_Time.UWP.csproj", "{D728623F-6EEC-4CF1-B098-C63C7880D33B}"
EndProject
Project("{FAE04EC0-301F-11D3-BF4B-00C04F79EFBC}") = "Date_Time.Android", "Date_Time.Android\Date_Time.Android.csproj", "{8FC02098-9C4E-4904-8235-3B5BDF421105}"
EndProject
Project("{FAE04EC0-301F-11D3-BF4B-00C04F79EFBC}") = "Date_Time.iOS", "Date_Time.iOS\Date_Time.iOS.csproj", "{8794F41E-1553-481F-B0F9-C1C22E812D93}"
EndProject
Project("{FAE04EC0-301F-11D3-BF4B-00C04F79EFBC}") = "Date_Time", "Date_Time\Date_Time.csproj", "{B2638BEE-16EC-42CB-A0F6-0C4F1BCC5FE9}"
EndProject
Global
	GlobalSection(SolutionConfigurationPlatforms) = preSolution
		Debug|Any CPU = Debug|Any CPU
		Debug|ARM = Debug|ARM
		Debug|iPhone = Debug|iPhone
		Debug|iPhoneSimulator = Debug|iPhoneSimulator
		Debug|x64 = Debug|x64
		Debug|x86 = Debug|x86
		Release|Any CPU = Release|Any CPU
		Release|ARM = Release|ARM
		Release|iPhone = Release|iPhone
		Release|iPhoneSimulator = Release|iPhoneSimulator
		Release|x64 = Release|x64
		Release|x86 = Release|x86
	EndGlobalSection
	GlobalSection(ProjectConfigurationPlatforms) = postSolution
		{D728623F-6EEC-4CF1-B098-C63C7880D33B}.Debug|Any CPU.ActiveCfg = Debug|x86
		{D728623F-6EEC-4CF1-B098-C63C7880D33B}.Debug|Any CPU.Build.0 = Debug|x86
		{D728623F-6EEC-4CF1-B098-C63C7880D33B}.Debug|Any CPU.Deploy.0 = Debug|x86
		{D728623F-6EEC-4CF1-B098-C63C7880D33B}.Debug|ARM.ActiveCfg = Debug|ARM
		{D728623F-6EEC-4CF1-B098-C63C7880D33B}.Debug|ARM.Build.0 = Debug|ARM
		{D728623F-6EEC-4CF1-B098-C63C7880D33B}.Debug|ARM.Deploy.0 = Debug|ARM
		{D728623F-6EEC-4CF1-B098-C63C7880D33B}.Debug|iPhone.ActiveCfg = Debug|x86
		{D728623F-6EEC-4CF1-B098-C63C7880D33B}.Debug|iPhone.Build.0 = Debug|x86
		{D728623F-6EEC-4CF1-B098-C63C7880D33B}.Debug|iPhone.Deploy.0 = Debug|x86
		{D728623F-6EEC-4CF1-B098-C63C7880D33B}.Debug|iPhoneSimulator.ActiveCfg = Debug|x86
		{D728623F-6EEC-4CF1-B098-C63C7880D33B}.Debug|iPhoneSimulator.Build.0 = Debug|x86
		{D728623F-6EEC-4CF1-B098-C63C7880D33B}.Debug|iPhoneSimulator.Deploy.0 = Debug|x86
		{D728623F-6EEC-4CF1-B098-C63C7880D33B}.Debug|x64.ActiveCfg = Debug|x64
		{D728623F-6EEC-4CF1-B098-C63C7880D33B}.Debug|x64.Build.0 = Debug|x64
		{D728623F-6EEC-4CF1-B098-C63C7880D33B}.Debug|x64.Deploy.0 = Debug|x64
		{D728623F-6EEC-4CF1-B098-C63C7880D33B}.Debug|x86.ActiveCfg = Debug|x86
		{D728623F-6EEC-4CF1-B098-C63C7880D33B}.Debug|x86.Build.0 = Debug|x86
		{D728623F-6EEC-4CF1-B098-C63C7880D33B}.Debug|x86.Deploy.0 = Debug|x86
		{D728623F-6EEC-4CF1-B098-C63C7880D33B}.Release|Any CPU.ActiveCfg = Release|x86
		{D728623F-6EEC-4CF1-B098-C63C7880D33B}.Release|Any CPU.Build.0 = Release|x86
		{D728623F-6EEC-4CF1-B098-C63C7880D33B}.Release|Any CPU.Deploy.0 = Release|x86
		{D728623F-6EEC-4CF1-B098-C63C7880D33B}.Release|ARM.ActiveCfg = Release|ARM
		{D728623F-6EEC-4CF1-B098-C63C7880D33B}.Release|ARM.Build.0 = Release|ARM
		{D728623F-6EEC-4CF1-B098-C63C7880D33B}.Release|ARM.Deploy.0 = Release|ARM
		{D728623F-6EEC-4CF1-B098-C63C7880D33B}.Release|iPhone.ActiveCfg = Release|x86
		{D728623F-6EEC-4CF1-B098-C63C7880D33B}.Release|iPhone.Build.0 = Release|x86
		{D728623F-6EEC-4CF1-B098-C63C7880D33B}.Release|iPhone.Deploy.0 = Release|x86
		{D728623F-6EEC-4CF1-B098-C63C7880D33B}.Release|iPhoneSimulator.ActiveCfg = Release|x86
		{D728623F-6EEC-4CF1-B098-C63C7880D33B}.Release|iPhoneSimulator.Build.0 = Release|x86
		{D728623F-6EEC-4CF1-B098-C63C7880D33B}.Release|iPhoneSimulator.Deploy.0 = Release|x86
		{D728623F-6EEC-4CF1-B098-C63C7880D33B}.Release|x64.ActiveCfg = Release|x64
		{D728623F-6EEC-4CF1-B098-C63C7880D33B}.Release|x64.Build.0 = Release|x64
		{D728623F-6EEC-4CF1-B098-C63C7880D33B}.Release|x64.Deploy.0 = Release|x64
		{D728623F-6EEC-4CF1-B098-C63C7880D33B}.Release|x86.ActiveCfg = Release|x86
		{D728623F-6EEC-4CF1-B098-C63C7880D33B}.Release|x86.Build.0 = Release|x86
		{D728623F-6EEC-4CF1-B098-C63C7880D33B}.Release|x86.Deploy.0 = Release|x86
		{8FC02098-9C4E-4904-8235-3B5BDF421105}.Debug|Any CPU.ActiveCfg = Debug|Any CPU
		{8FC02098-9C4E-4904-8235-3B5BDF421105}.Debug|Any CPU.Build.0 = Debug|Any CPU
		{8FC02098-9C4E-4904-8235-3B5BDF421105}.Debug|Any CPU.Deploy.0 = Debug|Any CPU
		{8FC02098-9C4E-4904-8235-3B5BDF421105}.Debug|ARM.ActiveCfg = Debug|Any CPU
		{8FC02098-9C4E-4904-8235-3B5BDF421105}.Debug|ARM.Build.0 = Debug|Any CPU
		{8FC02098-9C4E-4904-8235-3B5BDF421105}.Debug|ARM.Deploy.0 = Debug|Any CPU
		{8FC02098-9C4E-4904-8235-3B5BDF421105}.Debug|iPhone.ActiveCfg = Debug|Any CPU
		{8FC02098-9C4E-4904-8235-3B5BDF421105}.Debug|iPhone.Build.0 = Debug|Any CPU
		{8FC02098-9C4E-4904-8235-3B5BDF421105}.Debug|iPhone.Deploy.0 = Debug|Any CPU
		{8FC02098-9C4E-4904-8235-3B5BDF421105}.Debug|iPhoneSimulator.ActiveCfg = Debug|Any CPU
		{8FC02098-9C4E-4904-8235-3B5BDF421105}.Debug|iPhoneSimulator.Build.0 = Debug|Any CPU
		{8FC02098-9C4E-4904-8235-3B5BDF421105}.Debug|iPhoneSimulator.Deploy.0 = Debug|Any CPU
		{8FC02098-9C4E-4904-8235-3B5BDF421105}.Debug|x64.ActiveCfg = Debug|Any CPU
		{8FC02098-9C4E-4904-8235-3B5BDF421105}.Debug|x64.Build.0 = Debug|Any CPU
		{8FC02098-9C4E-4904-8235-3B5BDF421105}.Debug|x64.Deploy.0 = Debug|Any CPU
		{8FC02098-9C4E-4904-8235-3B5BDF421105}.Debug|x86.ActiveCfg = Debug|Any CPU
		{8FC02098-9C4E-4904-8235-3B5BDF421105}.Debug|x86.Build.0 = Debug|Any CPU
		{8FC02098-9C4E-4904-8235-3B5BDF421105}.Debug|x86.Deploy.0 = Debug|Any CPU
		{8FC02098-9C4E-4904-8235-3B5BDF421105}.Release|Any CPU.ActiveCfg = Release|Any CPU
		{8FC02098-9C4E-4904-8235-3B5BDF421105}.Release|Any CPU.Build.0 = Release|Any CPU
		{8FC02098-9C4E-4904-8235-3B5BDF421105}.Release|Any CPU.Deploy.0 = Release|Any CPU
		{8FC02098-9C4E-4904-8235-3B5BDF421105}.Release|ARM.ActiveCfg = Release|Any CPU
		{8FC02098-9C4E-4904-8235-3B5BDF421105}.Release|ARM.Build.0 = Release|Any CPU
		{8FC02098-9C4E-4904-8235-3B5BDF421105}.Release|ARM.Deploy.0 = Release|Any CPU
		{8FC02098-9C4E-4904-8235-3B5BDF421105}.Release|iPhone.ActiveCfg = Release|Any CPU
		{8FC02098-9C4E-4904-8235-3B5BDF421105}.Release|iPhone.Build.0 = Release|Any CPU
		{8FC02098-9C4E-4904-8235-3B5BDF421105}.Release|iPhone.Deploy.0 = Release|Any CPU
		{8FC02098-9C4E-4904-8235-3B5BDF421105}.Release|iPhoneSimulator.ActiveCfg = Release|Any CPU
		{8FC02098-9C4E-4904-8235-3B5BDF421105}.Release|iPhoneSimulator.Build.0 = Release|Any CPU
		{8FC02098-9C4E-4904-8235-3B5BDF421105}.Release|iPhoneSimulator.Deploy.0 = Release|Any CPU
		{8FC02098-9C4E-4904-8235-3B5BDF421105}.Release|x64.ActiveCfg = Release|Any CPU
		{8FC02098-9C4E-4904-8235-3B5BDF421105}.Release|x64.Build.0 = Release|Any CPU
		{8FC02098-9C4E-4904-8235-3B5BDF421105}.Release|x64.Deploy.0 = Release|Any CPU
		{8FC02098-9C4E-4904-8235-3B5BDF421105}.Release|x86.ActiveCfg = Release|Any CPU
		{8FC02098-9C4E-4904-8235-3B5BDF421105}.Release|x86.Build.0 = Release|Any CPU
		{8FC02098-9C4E-4904-8235-3B5BDF421105}.Release|x86.Deploy.0 = Release|Any CPU
		{8794F41E-1553-481F-B0F9-C1C22E812D93}.Debug|Any CPU.ActiveCfg = Debug|iPhoneSimulator
		{8794F41E-1553-481F-B0F9-C1C22E812D93}.Debug|Any CPU.Build.0 = Debug|iPhoneSimulator
		{8794F41E-1553-481F-B0F9-C1C22E812D93}.Debug|Any CPU.Deploy.0 = Debug|iPhoneSimulator
		{8794F41E-1553-481F-B0F9-C1C22E812D93}.Debug|ARM.ActiveCfg = Debug|iPhone
		{8794F41E-1553-481F-B0F9-C1C22E812D93}.Debug|ARM.Build.0 = Debug|iPhone
		{8794F41E-1553-481F-B0F9-C1C22E812D93}.Debug|ARM.Deploy.0 = Debug|iPhone
		{8794F41E-1553-481F-B0F9-C1C22E812D93}.Debug|iPhone.ActiveCfg = Debug|iPhone
		{8794F41E-1553-481F-B0F9-C1C22E812D93}.Debug|iPhone.Build.0 = Debug|iPhone
		{8794F41E-1553-481F-B0F9-C1C22E812D93}.Debug|iPhone.Deploy.0 = Debug|iPhone
		{8794F41E-1553-481F-B0F9-C1C22E812D93}.Debug|iPhoneSimulator.ActiveCfg = Debug|iPhoneSimulator
		{8794F41E-1553-481F-B0F9-C1C22E812D93}.Debug|iPhoneSimulator.Build.0 = Debug|iPhoneSimulator
		{8794F41E-1553-481F-B0F9-C1C22E812D93}.Debug|iPhoneSimulator.Deploy.0 = Debug|iPhoneSimulator
		{8794F41E-1553-481F-B0F9-C1C22E812D93}.Debug|x64.ActiveCfg = Debug|iPhoneSimulator
		{8794F41E-1553-481F-B0F9-C1C22E812D93}.Debug|x64.Build.0 = Debug|iPhoneSimulator
		{8794F41E-1553-481F-B0F9-C1C22E812D93}.Debug|x64.Deploy.0 = Debug|iPhoneSimulator
		{8794F41E-1553-481F-B0F9-C1C22E812D93}.Debug|x86.ActiveCfg = Debug|iPhoneSimulator
		{8794F41E-1553-481F-B0F9-C1C22E812D93}.Debug|x86.Build.0 = Debug|iPhoneSimulator
		{8794F41E-1553-481F-B0F9-C1C22E812D93}.Debug|x86.Deploy.0 = Debug|iPhoneSimulator
		{8794F41E-1553-481F-B0F9-C1C22E812D93}.Release|Any CPU.ActiveCfg = Release|iPhoneSimulator
		{8794F41E-1553-481F-B0F9-C1C22E812D93}.Release|Any CPU.Build.0 = Release|iPhoneSimulator
		{8794F41E-1553-481F-B0F9-C1C22E812D93}.Release|Any CPU.Deploy.0 = Release|iPhoneSimulator
		{8794F41E-1553-481F-B0F9-C1C22E812D93}.Release|ARM.ActiveCfg = Release|iPhoneSimulator
		{8794F41E-1553-481F-B0F9-C1C22E812D93}.Release|ARM.Build.0 = Release|iPhoneSimulator
		{8794F41E-1553-481F-B0F9-C1C22E812D93}.Release|ARM.Deploy.0 = Release|iPhoneSimulator
		{8794F41E-1553-481F-B0F9-C1C22E812D93}.Release|iPhone.ActiveCfg = Release|iPhone
		{8794F41E-1553-481F-B0F9-C1C22E812D93}.Release|iPhone.Build.0 = Release|iPhone
		{8794F41E-1553-481F-B0F9-C1C22E812D93}.Release|iPhone.Deploy.0 = Release|iPhone
		{8794F41E-1553-481F-B0F9-C1C22E812D93}.Release|iPhoneSimulator.ActiveCfg = Release|iPhoneSimulator
		{8794F41E-1553-481F-B0F9-C1C22E812D93}.Release|iPhoneSimulator.Build.0 = Release|iPhoneSimulator
		{8794F41E-1553-481F-B0F9-C1C22E812D93}.Release|iPhoneSimulator.Deploy.0 = Release|iPhoneSimulator
		{8794F41E-1553-481F-B0F9-C1C22E812D93}.Release|x64.ActiveCfg = Release|iPhoneSimulator
		{8794F41E-1553-481F-B0F9-C1C22E812D93}.Release|x64.Build.0 = Release|iPhoneSimulator
		{8794F41E-1553-481F-B0F9-C1C22E812D93}.Release|x64.Deploy.0 = Release|iPhoneSimulator
		{8794F41E-1553-481F-B0F9-C1C22E812D93}.Release|x86.ActiveCfg = Release|iPhoneSimulator
		{8794F41E-1553-481F-B0F9-C1C22E812D93}.Release|x86.Build.0 = Release|iPhoneSimulator
		{8794F41E-1553-481F-B0F9-C1C22E812D93}.Release|x86.Deploy.0 = Release|iPhoneSimulator
		{B2638BEE-16EC-42CB-A0F6-0C4F1BCC5FE9}.Debug|Any CPU.ActiveCfg = Debug|Any CPU
		{B2638BEE-16EC-42CB-A0F6-0C4F1BCC5FE9}.Debug|Any CPU.Build.0 = Debug|Any CPU
		{B2638BEE-16EC-42CB-A0F6-0C4F1BCC5FE9}.Debug|Any CPU.Deploy.0 = Debug|Any CPU
		{B2638BEE-16EC-42CB-A0F6-0C4F1BCC5FE9}.Debug|ARM.ActiveCfg = Debug|Any CPU
		{B2638BEE-16EC-42CB-A0F6-0C4F1BCC5FE9}.Debug|ARM.Build.0 = Debug|Any CPU
		{B2638BEE-16EC-42CB-A0F6-0C4F1BCC5FE9}.Debug|ARM.Deploy.0 = Debug|Any CPU
		{B2638BEE-16EC-42CB-A0F6-0C4F1BCC5FE9}.Debug|iPhone.ActiveCfg = Debug|Any CPU
		{B2638BEE-16EC-42CB-A0F6-0C4F1BCC5FE9}.Debug|iPhone.Build.0 = Debug|Any CPU
		{B2638BEE-16EC-42CB-A0F6-0C4F1BCC5FE9}.Debug|iPhone.Deploy.0 = Debug|Any CPU
		{B2638BEE-16EC-42CB-A0F6-0C4F1BCC5FE9}.Debug|iPhoneSimulator.ActiveCfg = Debug|Any CPU
		{B2638BEE-16EC-42CB-A0F6-0C4F1BCC5FE9}.Debug|iPhoneSimulator.Build.0 = Debug|Any CPU
		{B2638BEE-16EC-42CB-A0F6-0C4F1BCC5FE9}.Debug|iPhoneSimulator.Deploy.0 = Debug|Any CPU
		{B2638BEE-16EC-42CB-A0F6-0C4F1BCC5FE9}.Debug|x64.ActiveCfg = Debug|Any CPU
		{B2638BEE-16EC-42CB-A0F6-0C4F1BCC5FE9}.Debug|x64.Build.0 = Debug|Any CPU
		{B2638BEE-16EC-42CB-A0F6-0C4F1BCC5FE9}.Debug|x64.Deploy.0 = Debug|Any CPU
		{B2638BEE-16EC-42CB-A0F6-0C4F1BCC5FE9}.Debug|x86.ActiveCfg = Debug|Any CPU
		{B2638BEE-16EC-42CB-A0F6-0C4F1BCC5FE9}.Debug|x86.Build.0 = Debug|Any CPU
		{B2638BEE-16EC-42CB-A0F6-0C4F1BCC5FE9}.Debug|x86.Deploy.0 = Debug|Any CPU
		{B2638BEE-16EC-42CB-A0F6-0C4F1BCC5FE9}.Release|Any CPU.ActiveCfg = Release|Any CPU
		{B2638BEE-16EC-42CB-A0F6-0C4F1BCC5FE9}.Release|Any CPU.Build.0 = Release|Any CPU
		{B2638BEE-16EC-42CB-A0F6-0C4F1BCC5FE9}.Release|Any CPU.Deploy.0 = Release|Any CPU
		{B2638BEE-16EC-42CB-A0F6-0C4F1BCC5FE9}.Release|ARM.ActiveCfg = Release|Any CPU
		{B2638BEE-16EC-42CB-A0F6-0C4F1BCC5FE9}.Release|ARM.Build.0 = Release|Any CPU
		{B2638BEE-16EC-42CB-A0F6-0C4F1BCC5FE9}.Release|ARM.Deploy.0 = Release|Any CPU
		{B2638BEE-16EC-42CB-A0F6-0C4F1BCC5FE9}.Release|iPhone.ActiveCfg = Release|Any CPU
		{B2638BEE-16EC-42CB-A0F6-0C4F1BCC5FE9}.Release|iPhone.Build.0 = Release|Any CPU
		{B2638BEE-16EC-42CB-A0F6-0C4F1BCC5FE9}.Release|iPhone.Deploy.0 = Release|Any CPU
		{B2638BEE-16EC-42CB-A0F6-0C4F1BCC5FE9}.Release|iPhoneSimulator.ActiveCfg = Release|Any CPU
		{B2638BEE-16EC-42CB-A0F6-0C4F1BCC5FE9}.Release|iPhoneSimulator.Build.0 = Release|Any CPU
		{B2638BEE-16EC-42CB-A0F6-0C4F1BCC5FE9}.Release|iPhoneSimulator.Deploy.0 = Release|Any CPU
		{B2638BEE-16EC-42CB-A0F6-0C4F1BCC5FE9}.Release|x64.ActiveCfg = Release|Any CPU
		{B2638BEE-16EC-42CB-A0F6-0C4F1BCC5FE9}.Release|x64.Build.0 = Release|Any CPU
		{B2638BEE-16EC-42CB-A0F6-0C4F1BCC5FE9}.Release|x64.Deploy.0 = Release|Any CPU
		{B2638BEE-16EC-42CB-A0F6-0C4F1BCC5FE9}.Release|x86.ActiveCfg = Release|Any CPU
		{B2638BEE-16EC-42CB-A0F6-0C4F1BCC5FE9}.Release|x86.Build.0 = Release|Any CPU
		{B2638BEE-16EC-42CB-A0F6-0C4F1BCC5FE9}.Release|x86.Deploy.0 = Release|Any CPU
	EndGlobalSection
	GlobalSection(SolutionProperties) = preSolution
		HideSolutionNode = FALSE
	EndGlobalSection
	GlobalSection(ExtensibilityGlobals) = postSolution
		SolutionGuid = {27E2E818-4566-4037-B532-2FF45CACEE98}
	EndGlobalSection
EndGlobal
