
Microsoft Visual Studio Solution File, Format Version 12.00
# Visual Studio Version 16
VisualStudioVersion = 16.0.31205.134
MinimumVisualStudioVersion = 10.0.40219.1
Project("{FAE04EC0-301F-11D3-BF4B-00C04F79EFBC}") = "HelloApp.UWP", "HelloApp.UWP\HelloApp.UWP.csproj", "{561AF81D-E9D0-46E4-A52A-6283326758A0}"
EndProject
Project("{FAE04EC0-301F-11D3-BF4B-00C04F79EFBC}") = "HelloApp.Android", "HelloApp.Android\HelloApp.Android.csproj", "{07C81660-8418-4186-B5ED-8F77821D56A0}"
EndProject
Project("{FAE04EC0-301F-11D3-BF4B-00C04F79EFBC}") = "HelloApp.iOS", "HelloApp.iOS\HelloApp.iOS.csproj", "{5F6B564E-1216-40C0-A35A-96F1AED76335}"
EndProject
Project("{FAE04EC0-301F-11D3-BF4B-00C04F79EFBC}") = "HelloApp", "HelloApp\HelloApp.csproj", "{E5D68663-6BED-496D-B2A7-85DFD5136E58}"
EndProject
Global
	GlobalSection(SolutionConfigurationPlatforms) = preSolution
		Debug|Any CPU = Debug|Any CPU
		Debug|ARM = Debug|ARM
		Debug|iPhone = Debug|iPhone
		Debug|iPhoneSimulator = Debug|iPhoneSimulator
		Debug|x64 = Debug|x64
		Debug|x86 = Debug|x86
		Release|Any CPU = Release|Any CPU
		Release|ARM = Release|ARM
		Release|iPhone = Release|iPhone
		Release|iPhoneSimulator = Release|iPhoneSimulator
		Release|x64 = Release|x64
		Release|x86 = Release|x86
	EndGlobalSection
	GlobalSection(ProjectConfigurationPlatforms) = postSolution
		{561AF81D-E9D0-46E4-A52A-6283326758A0}.Debug|Any CPU.ActiveCfg = Debug|x86
		{561AF81D-E9D0-46E4-A52A-6283326758A0}.Debug|Any CPU.Build.0 = Debug|x86
		{561AF81D-E9D0-46E4-A52A-6283326758A0}.Debug|Any CPU.Deploy.0 = Debug|x86
		{561AF81D-E9D0-46E4-A52A-6283326758A0}.Debug|ARM.ActiveCfg = Debug|ARM
		{561AF81D-E9D0-46E4-A52A-6283326758A0}.Debug|ARM.Build.0 = Debug|ARM
		{561AF81D-E9D0-46E4-A52A-6283326758A0}.Debug|ARM.Deploy.0 = Debug|ARM
		{561AF81D-E9D0-46E4-A52A-6283326758A0}.Debug|iPhone.ActiveCfg = Debug|x86
		{561AF81D-E9D0-46E4-A52A-6283326758A0}.Debug|iPhone.Build.0 = Debug|x86
		{561AF81D-E9D0-46E4-A52A-6283326758A0}.Debug|iPhone.Deploy.0 = Debug|x86
		{561AF81D-E9D0-46E4-A52A-6283326758A0}.Debug|iPhoneSimulator.ActiveCfg = Debug|x86
		{561AF81D-E9D0-46E4-A52A-6283326758A0}.Debug|iPhoneSimulator.Build.0 = Debug|x86
		{561AF81D-E9D0-46E4-A52A-6283326758A0}.Debug|iPhoneSimulator.Deploy.0 = Debug|x86
		{561AF81D-E9D0-46E4-A52A-6283326758A0}.Debug|x64.ActiveCfg = Debug|x64
		{561AF81D-E9D0-46E4-A52A-6283326758A0}.Debug|x64.Build.0 = Debug|x64
		{561AF81D-E9D0-46E4-A52A-6283326758A0}.Debug|x64.Deploy.0 = Debug|x64
		{561AF81D-E9D0-46E4-A52A-6283326758A0}.Debug|x86.ActiveCfg = Debug|x86
		{561AF81D-E9D0-46E4-A52A-6283326758A0}.Debug|x86.Build.0 = Debug|x86
		{561AF81D-E9D0-46E4-A52A-6283326758A0}.Debug|x86.Deploy.0 = Debug|x86
		{561AF81D-E9D0-46E4-A52A-6283326758A0}.Release|Any CPU.ActiveCfg = Release|x86
		{561AF81D-E9D0-46E4-A52A-6283326758A0}.Release|Any CPU.Build.0 = Release|x86
		{561AF81D-E9D0-46E4-A52A-6283326758A0}.Release|Any CPU.Deploy.0 = Release|x86
		{561AF81D-E9D0-46E4-A52A-6283326758A0}.Release|ARM.ActiveCfg = Release|ARM
		{561AF81D-E9D0-46E4-A52A-6283326758A0}.Release|ARM.Build.0 = Release|ARM
		{561AF81D-E9D0-46E4-A52A-6283326758A0}.Release|ARM.Deploy.0 = Release|ARM
		{561AF81D-E9D0-46E4-A52A-6283326758A0}.Release|iPhone.ActiveCfg = Release|x86
		{561AF81D-E9D0-46E4-A52A-6283326758A0}.Release|iPhone.Build.0 = Release|x86
		{561AF81D-E9D0-46E4-A52A-6283326758A0}.Release|iPhone.Deploy.0 = Release|x86
		{561AF81D-E9D0-46E4-A52A-6283326758A0}.Release|iPhoneSimulator.ActiveCfg = Release|x86
		{561AF81D-E9D0-46E4-A52A-6283326758A0}.Release|iPhoneSimulator.Build.0 = Release|x86
		{561AF81D-E9D0-46E4-A52A-6283326758A0}.Release|iPhoneSimulator.Deploy.0 = Release|x86
		{561AF81D-E9D0-46E4-A52A-6283326758A0}.Release|x64.ActiveCfg = Release|x64
		{561AF81D-E9D0-46E4-A52A-6283326758A0}.Release|x64.Build.0 = Release|x64
		{561AF81D-E9D0-46E4-A52A-6283326758A0}.Release|x64.Deploy.0 = Release|x64
		{561AF81D-E9D0-46E4-A52A-6283326758A0}.Release|x86.ActiveCfg = Release|x86
		{561AF81D-E9D0-46E4-A52A-6283326758A0}.Release|x86.Build.0 = Release|x86
		{561AF81D-E9D0-46E4-A52A-6283326758A0}.Release|x86.Deploy.0 = Release|x86
		{07C81660-8418-4186-B5ED-8F77821D56A0}.Debug|Any CPU.ActiveCfg = Debug|Any CPU
		{07C81660-8418-4186-B5ED-8F77821D56A0}.Debug|Any CPU.Build.0 = Debug|Any CPU
		{07C81660-8418-4186-B5ED-8F77821D56A0}.Debug|Any CPU.Deploy.0 = Debug|Any CPU
		{07C81660-8418-4186-B5ED-8F77821D56A0}.Debug|ARM.ActiveCfg = Debug|Any CPU
		{07C81660-8418-4186-B5ED-8F77821D56A0}.Debug|ARM.Build.0 = Debug|Any CPU
		{07C81660-8418-4186-B5ED-8F77821D56A0}.Debug|ARM.Deploy.0 = Debug|Any CPU
		{07C81660-8418-4186-B5ED-8F77821D56A0}.Debug|iPhone.ActiveCfg = Debug|Any CPU
		{07C81660-8418-4186-B5ED-8F77821D56A0}.Debug|iPhone.Build.0 = Debug|Any CPU
		{07C81660-8418-4186-B5ED-8F77821D56A0}.Debug|iPhone.Deploy.0 = Debug|Any CPU
		{07C81660-8418-4186-B5ED-8F77821D56A0}.Debug|iPhoneSimulator.ActiveCfg = Debug|Any CPU
		{07C81660-8418-4186-B5ED-8F77821D56A0}.Debug|iPhoneSimulator.Build.0 = Debug|Any CPU
		{07C81660-8418-4186-B5ED-8F77821D56A0}.Debug|iPhoneSimulator.Deploy.0 = Debug|Any CPU
		{07C81660-8418-4186-B5ED-8F77821D56A0}.Debug|x64.ActiveCfg = Debug|Any CPU
		{07C81660-8418-4186-B5ED-8F77821D56A0}.Debug|x64.Build.0 = Debug|Any CPU
		{07C81660-8418-4186-B5ED-8F77821D56A0}.Debug|x64.Deploy.0 = Debug|Any CPU
		{07C81660-8418-4186-B5ED-8F77821D56A0}.Debug|x86.ActiveCfg = Debug|Any CPU
		{07C81660-8418-4186-B5ED-8F77821D56A0}.Debug|x86.Build.0 = Debug|Any CPU
		{07C81660-8418-4186-B5ED-8F77821D56A0}.Debug|x86.Deploy.0 = Debug|Any CPU
		{07C81660-8418-4186-B5ED-8F77821D56A0}.Release|Any CPU.ActiveCfg = Release|Any CPU
		{07C81660-8418-4186-B5ED-8F77821D56A0}.Release|Any CPU.Build.0 = Release|Any CPU
		{07C81660-8418-4186-B5ED-8F77821D56A0}.Release|Any CPU.Deploy.0 = Release|Any CPU
		{07C81660-8418-4186-B5ED-8F77821D56A0}.Release|ARM.ActiveCfg = Release|Any CPU
		{07C81660-8418-4186-B5ED-8F77821D56A0}.Release|ARM.Build.0 = Release|Any CPU
		{07C81660-8418-4186-B5ED-8F77821D56A0}.Release|ARM.Deploy.0 = Release|Any CPU
		{07C81660-8418-4186-B5ED-8F77821D56A0}.Release|iPhone.ActiveCfg = Release|Any CPU
		{07C81660-8418-4186-B5ED-8F77821D56A0}.Release|iPhone.Build.0 = Release|Any CPU
		{07C81660-8418-4186-B5ED-8F77821D56A0}.Release|iPhone.Deploy.0 = Release|Any CPU
		{07C81660-8418-4186-B5ED-8F77821D56A0}.Release|iPhoneSimulator.ActiveCfg = Release|Any CPU
		{07C81660-8418-4186-B5ED-8F77821D56A0}.Release|iPhoneSimulator.Build.0 = Release|Any CPU
		{07C81660-8418-4186-B5ED-8F77821D56A0}.Release|iPhoneSimulator.Deploy.0 = Release|Any CPU
		{07C81660-8418-4186-B5ED-8F77821D56A0}.Release|x64.ActiveCfg = Release|Any CPU
		{07C81660-8418-4186-B5ED-8F77821D56A0}.Release|x64.Build.0 = Release|Any CPU
		{07C81660-8418-4186-B5ED-8F77821D56A0}.Release|x64.Deploy.0 = Release|Any CPU
		{07C81660-8418-4186-B5ED-8F77821D56A0}.Release|x86.ActiveCfg = Release|Any CPU
		{07C81660-8418-4186-B5ED-8F77821D56A0}.Release|x86.Build.0 = Release|Any CPU
		{07C81660-8418-4186-B5ED-8F77821D56A0}.Release|x86.Deploy.0 = Release|Any CPU
		{5F6B564E-1216-40C0-A35A-96F1AED76335}.Debug|Any CPU.ActiveCfg = Debug|iPhoneSimulator
		{5F6B564E-1216-40C0-A35A-96F1AED76335}.Debug|Any CPU.Build.0 = Debug|iPhoneSimulator
		{5F6B564E-1216-40C0-A35A-96F1AED76335}.Debug|Any CPU.Deploy.0 = Debug|iPhoneSimulator
		{5F6B564E-1216-40C0-A35A-96F1AED76335}.Debug|ARM.ActiveCfg = Debug|iPhone
		{5F6B564E-1216-40C0-A35A-96F1AED76335}.Debug|ARM.Build.0 = Debug|iPhone
		{5F6B564E-1216-40C0-A35A-96F1AED76335}.Debug|ARM.Deploy.0 = Debug|iPhone
		{5F6B564E-1216-40C0-A35A-96F1AED76335}.Debug|iPhone.ActiveCfg = Debug|iPhone
		{5F6B564E-1216-40C0-A35A-96F1AED76335}.Debug|iPhone.Build.0 = Debug|iPhone
		{5F6B564E-1216-40C0-A35A-96F1AED76335}.Debug|iPhone.Deploy.0 = Debug|iPhone
		{5F6B564E-1216-40C0-A35A-96F1AED76335}.Debug|iPhoneSimulator.ActiveCfg = Debug|iPhoneSimulator
		{5F6B564E-1216-40C0-A35A-96F1AED76335}.Debug|iPhoneSimulator.Build.0 = Debug|iPhoneSimulator
		{5F6B564E-1216-40C0-A35A-96F1AED76335}.Debug|iPhoneSimulator.Deploy.0 = Debug|iPhoneSimulator
		{5F6B564E-1216-40C0-A35A-96F1AED76335}.Debug|x64.ActiveCfg = Debug|iPhoneSimulator
		{5F6B564E-1216-40C0-A35A-96F1AED76335}.Debug|x64.Build.0 = Debug|iPhoneSimulator
		{5F6B564E-1216-40C0-A35A-96F1AED76335}.Debug|x64.Deploy.0 = Debug|iPhoneSimulator
		{5F6B564E-1216-40C0-A35A-96F1AED76335}.Debug|x86.ActiveCfg = Debug|iPhoneSimulator
		{5F6B564E-1216-40C0-A35A-96F1AED76335}.Debug|x86.Build.0 = Debug|iPhoneSimulator
		{5F6B564E-1216-40C0-A35A-96F1AED76335}.Debug|x86.Deploy.0 = Debug|iPhoneSimulator
		{5F6B564E-1216-40C0-A35A-96F1AED76335}.Release|Any CPU.ActiveCfg = Release|iPhoneSimulator
		{5F6B564E-1216-40C0-A35A-96F1AED76335}.Release|Any CPU.Build.0 = Release|iPhoneSimulator
		{5F6B564E-1216-40C0-A35A-96F1AED76335}.Release|Any CPU.Deploy.0 = Release|iPhoneSimulator
		{5F6B564E-1216-40C0-A35A-96F1AED76335}.Release|ARM.ActiveCfg = Release|iPhoneSimulator
		{5F6B564E-1216-40C0-A35A-96F1AED76335}.Release|ARM.Build.0 = Release|iPhoneSimulator
		{5F6B564E-1216-40C0-A35A-96F1AED76335}.Release|ARM.Deploy.0 = Release|iPhoneSimulator
		{5F6B564E-1216-40C0-A35A-96F1AED76335}.Release|iPhone.ActiveCfg = Release|iPhone
		{5F6B564E-1216-40C0-A35A-96F1AED76335}.Release|iPhone.Build.0 = Release|iPhone
		{5F6B564E-1216-40C0-A35A-96F1AED76335}.Release|iPhone.Deploy.0 = Release|iPhone
		{5F6B564E-1216-40C0-A35A-96F1AED76335}.Release|iPhoneSimulator.ActiveCfg = Release|iPhoneSimulator
		{5F6B564E-1216-40C0-A35A-96F1AED76335}.Release|iPhoneSimulator.Build.0 = Release|iPhoneSimulator
		{5F6B564E-1216-40C0-A35A-96F1AED76335}.Release|iPhoneSimulator.Deploy.0 = Release|iPhoneSimulator
		{5F6B564E-1216-40C0-A35A-96F1AED76335}.Release|x64.ActiveCfg = Release|iPhoneSimulator
		{5F6B564E-1216-40C0-A35A-96F1AED76335}.Release|x64.Build.0 = Release|iPhoneSimulator
		{5F6B564E-1216-40C0-A35A-96F1AED76335}.Release|x64.Deploy.0 = Release|iPhoneSimulator
		{5F6B564E-1216-40C0-A35A-96F1AED76335}.Release|x86.ActiveCfg = Release|iPhoneSimulator
		{5F6B564E-1216-40C0-A35A-96F1AED76335}.Release|x86.Build.0 = Release|iPhoneSimulator
		{5F6B564E-1216-40C0-A35A-96F1AED76335}.Release|x86.Deploy.0 = Release|iPhoneSimulator
		{E5D68663-6BED-496D-B2A7-85DFD5136E58}.Debug|Any CPU.ActiveCfg = Debug|Any CPU
		{E5D68663-6BED-496D-B2A7-85DFD5136E58}.Debug|Any CPU.Build.0 = Debug|Any CPU
		{E5D68663-6BED-496D-B2A7-85DFD5136E58}.Debug|Any CPU.Deploy.0 = Debug|Any CPU
		{E5D68663-6BED-496D-B2A7-85DFD5136E58}.Debug|ARM.ActiveCfg = Debug|Any CPU
		{E5D68663-6BED-496D-B2A7-85DFD5136E58}.Debug|ARM.Build.0 = Debug|Any CPU
		{E5D68663-6BED-496D-B2A7-85DFD5136E58}.Debug|ARM.Deploy.0 = Debug|Any CPU
		{E5D68663-6BED-496D-B2A7-85DFD5136E58}.Debug|iPhone.ActiveCfg = Debug|Any CPU
		{E5D68663-6BED-496D-B2A7-85DFD5136E58}.Debug|iPhone.Build.0 = Debug|Any CPU
		{E5D68663-6BED-496D-B2A7-85DFD5136E58}.Debug|iPhone.Deploy.0 = Debug|Any CPU
		{E5D68663-6BED-496D-B2A7-85DFD5136E58}.Debug|iPhoneSimulator.ActiveCfg = Debug|Any CPU
		{E5D68663-6BED-496D-B2A7-85DFD5136E58}.Debug|iPhoneSimulator.Build.0 = Debug|Any CPU
		{E5D68663-6BED-496D-B2A7-85DFD5136E58}.Debug|iPhoneSimulator.Deploy.0 = Debug|Any CPU
		{E5D68663-6BED-496D-B2A7-85DFD5136E58}.Debug|x64.ActiveCfg = Debug|Any CPU
		{E5D68663-6BED-496D-B2A7-85DFD5136E58}.Debug|x64.Build.0 = Debug|Any CPU
		{E5D68663-6BED-496D-B2A7-85DFD5136E58}.Debug|x64.Deploy.0 = Debug|Any CPU
		{E5D68663-6BED-496D-B2A7-85DFD5136E58}.Debug|x86.ActiveCfg = Debug|Any CPU
		{E5D68663-6BED-496D-B2A7-85DFD5136E58}.Debug|x86.Build.0 = Debug|Any CPU
		{E5D68663-6BED-496D-B2A7-85DFD5136E58}.Debug|x86.Deploy.0 = Debug|Any CPU
		{E5D68663-6BED-496D-B2A7-85DFD5136E58}.Release|Any CPU.ActiveCfg = Release|Any CPU
		{E5D68663-6BED-496D-B2A7-85DFD5136E58}.Release|Any CPU.Build.0 = Release|Any CPU
		{E5D68663-6BED-496D-B2A7-85DFD5136E58}.Release|Any CPU.Deploy.0 = Release|Any CPU
		{E5D68663-6BED-496D-B2A7-85DFD5136E58}.Release|ARM.ActiveCfg = Release|Any CPU
		{E5D68663-6BED-496D-B2A7-85DFD5136E58}.Release|ARM.Build.0 = Release|Any CPU
		{E5D68663-6BED-496D-B2A7-85DFD5136E58}.Release|ARM.Deploy.0 = Release|Any CPU
		{E5D68663-6BED-496D-B2A7-85DFD5136E58}.Release|iPhone.ActiveCfg = Release|Any CPU
		{E5D68663-6BED-496D-B2A7-85DFD5136E58}.Release|iPhone.Build.0 = Release|Any CPU
		{E5D68663-6BED-496D-B2A7-85DFD5136E58}.Release|iPhone.Deploy.0 = Release|Any CPU
		{E5D68663-6BED-496D-B2A7-85DFD5136E58}.Release|iPhoneSimulator.ActiveCfg = Release|Any CPU
		{E5D68663-6BED-496D-B2A7-85DFD5136E58}.Release|iPhoneSimulator.Build.0 = Release|Any CPU
		{E5D68663-6BED-496D-B2A7-85DFD5136E58}.Release|iPhoneSimulator.Deploy.0 = Release|Any CPU
		{E5D68663-6BED-496D-B2A7-85DFD5136E58}.Release|x64.ActiveCfg = Release|Any CPU
		{E5D68663-6BED-496D-B2A7-85DFD5136E58}.Release|x64.Build.0 = Release|Any CPU
		{E5D68663-6BED-496D-B2A7-85DFD5136E58}.Release|x64.Deploy.0 = Release|Any CPU
		{E5D68663-6BED-496D-B2A7-85DFD5136E58}.Release|x86.ActiveCfg = Release|Any CPU
		{E5D68663-6BED-496D-B2A7-85DFD5136E58}.Release|x86.Build.0 = Release|Any CPU
		{E5D68663-6BED-496D-B2A7-85DFD5136E58}.Release|x86.Deploy.0 = Release|Any CPU
	EndGlobalSection
	GlobalSection(SolutionProperties) = preSolution
		HideSolutionNode = FALSE
	EndGlobalSection
	GlobalSection(ExtensibilityGlobals) = postSolution
		SolutionGuid = {FDBE1CF8-4C6C-4F33-BF92-CFD123239EEC}
	EndGlobalSection
EndGlobal
