
Microsoft Visual Studio Solution File, Format Version 12.00
# Visual Studio Version 16
VisualStudioVersion = 16.0.31205.134
MinimumVisualStudioVersion = 10.0.40219.1
Project("{FAE04EC0-301F-11D3-BF4B-00C04F79EFBC}") = "WorkWithImage.UWP", "WorkWithImage.UWP\WorkWithImage.UWP.csproj", "{89B04536-0A66-43EE-BC3B-CB5C6BFEBE6B}"
EndProject
Project("{FAE04EC0-301F-11D3-BF4B-00C04F79EFBC}") = "WorkWithImage.Android", "WorkWithImage.Android\WorkWithImage.Android.csproj", "{581A593E-8A4D-4A49-9796-AA1BAF683E5F}"
EndProject
Project("{FAE04EC0-301F-11D3-BF4B-00C04F79EFBC}") = "WorkWithImage.iOS", "WorkWithImage.iOS\WorkWithImage.iOS.csproj", "{A6EF5F1C-CB6F-400B-913F-CF916E1FA35F}"
EndProject
Project("{FAE04EC0-301F-11D3-BF4B-00C04F79EFBC}") = "WorkWithImage", "WorkWithImage\WorkWithImage.csproj", "{DEC71D60-C46B-495F-85AD-285481708FBB}"
EndProject
Global
	GlobalSection(SolutionConfigurationPlatforms) = preSolution
		Debug|Any CPU = Debug|Any CPU
		Debug|ARM = Debug|ARM
		Debug|iPhone = Debug|iPhone
		Debug|iPhoneSimulator = Debug|iPhoneSimulator
		Debug|x64 = Debug|x64
		Debug|x86 = Debug|x86
		Release|Any CPU = Release|Any CPU
		Release|ARM = Release|ARM
		Release|iPhone = Release|iPhone
		Release|iPhoneSimulator = Release|iPhoneSimulator
		Release|x64 = Release|x64
		Release|x86 = Release|x86
	EndGlobalSection
	GlobalSection(ProjectConfigurationPlatforms) = postSolution
		{89B04536-0A66-43EE-BC3B-CB5C6BFEBE6B}.Debug|Any CPU.ActiveCfg = Debug|x86
		{89B04536-0A66-43EE-BC3B-CB5C6BFEBE6B}.Debug|Any CPU.Build.0 = Debug|x86
		{89B04536-0A66-43EE-BC3B-CB5C6BFEBE6B}.Debug|Any CPU.Deploy.0 = Debug|x86
		{89B04536-0A66-43EE-BC3B-CB5C6BFEBE6B}.Debug|ARM.ActiveCfg = Debug|ARM
		{89B04536-0A66-43EE-BC3B-CB5C6BFEBE6B}.Debug|ARM.Build.0 = Debug|ARM
		{89B04536-0A66-43EE-BC3B-CB5C6BFEBE6B}.Debug|ARM.Deploy.0 = Debug|ARM
		{89B04536-0A66-43EE-BC3B-CB5C6BFEBE6B}.Debug|iPhone.ActiveCfg = Debug|x86
		{89B04536-0A66-43EE-BC3B-CB5C6BFEBE6B}.Debug|iPhone.Build.0 = Debug|x86
		{89B04536-0A66-43EE-BC3B-CB5C6BFEBE6B}.Debug|iPhone.Deploy.0 = Debug|x86
		{89B04536-0A66-43EE-BC3B-CB5C6BFEBE6B}.Debug|iPhoneSimulator.ActiveCfg = Debug|x86
		{89B04536-0A66-43EE-BC3B-CB5C6BFEBE6B}.Debug|iPhoneSimulator.Build.0 = Debug|x86
		{89B04536-0A66-43EE-BC3B-CB5C6BFEBE6B}.Debug|iPhoneSimulator.Deploy.0 = Debug|x86
		{89B04536-0A66-43EE-BC3B-CB5C6BFEBE6B}.Debug|x64.ActiveCfg = Debug|x64
		{89B04536-0A66-43EE-BC3B-CB5C6BFEBE6B}.Debug|x64.Build.0 = Debug|x64
		{89B04536-0A66-43EE-BC3B-CB5C6BFEBE6B}.Debug|x64.Deploy.0 = Debug|x64
		{89B04536-0A66-43EE-BC3B-CB5C6BFEBE6B}.Debug|x86.ActiveCfg = Debug|x86
		{89B04536-0A66-43EE-BC3B-CB5C6BFEBE6B}.Debug|x86.Build.0 = Debug|x86
		{89B04536-0A66-43EE-BC3B-CB5C6BFEBE6B}.Debug|x86.Deploy.0 = Debug|x86
		{89B04536-0A66-43EE-BC3B-CB5C6BFEBE6B}.Release|Any CPU.ActiveCfg = Release|x86
		{89B04536-0A66-43EE-BC3B-CB5C6BFEBE6B}.Release|Any CPU.Build.0 = Release|x86
		{89B04536-0A66-43EE-BC3B-CB5C6BFEBE6B}.Release|Any CPU.Deploy.0 = Release|x86
		{89B04536-0A66-43EE-BC3B-CB5C6BFEBE6B}.Release|ARM.ActiveCfg = Release|ARM
		{89B04536-0A66-43EE-BC3B-CB5C6BFEBE6B}.Release|ARM.Build.0 = Release|ARM
		{89B04536-0A66-43EE-BC3B-CB5C6BFEBE6B}.Release|ARM.Deploy.0 = Release|ARM
		{89B04536-0A66-43EE-BC3B-CB5C6BFEBE6B}.Release|iPhone.ActiveCfg = Release|x86
		{89B04536-0A66-43EE-BC3B-CB5C6BFEBE6B}.Release|iPhone.Build.0 = Release|x86
		{89B04536-0A66-43EE-BC3B-CB5C6BFEBE6B}.Release|iPhone.Deploy.0 = Release|x86
		{89B04536-0A66-43EE-BC3B-CB5C6BFEBE6B}.Release|iPhoneSimulator.ActiveCfg = Release|x86
		{89B04536-0A66-43EE-BC3B-CB5C6BFEBE6B}.Release|iPhoneSimulator.Build.0 = Release|x86
		{89B04536-0A66-43EE-BC3B-CB5C6BFEBE6B}.Release|iPhoneSimulator.Deploy.0 = Release|x86
		{89B04536-0A66-43EE-BC3B-CB5C6BFEBE6B}.Release|x64.ActiveCfg = Release|x64
		{89B04536-0A66-43EE-BC3B-CB5C6BFEBE6B}.Release|x64.Build.0 = Release|x64
		{89B04536-0A66-43EE-BC3B-CB5C6BFEBE6B}.Release|x64.Deploy.0 = Release|x64
		{89B04536-0A66-43EE-BC3B-CB5C6BFEBE6B}.Release|x86.ActiveCfg = Release|x86
		{89B04536-0A66-43EE-BC3B-CB5C6BFEBE6B}.Release|x86.Build.0 = Release|x86
		{89B04536-0A66-43EE-BC3B-CB5C6BFEBE6B}.Release|x86.Deploy.0 = Release|x86
		{581A593E-8A4D-4A49-9796-AA1BAF683E5F}.Debug|Any CPU.ActiveCfg = Debug|Any CPU
		{581A593E-8A4D-4A49-9796-AA1BAF683E5F}.Debug|Any CPU.Build.0 = Debug|Any CPU
		{581A593E-8A4D-4A49-9796-AA1BAF683E5F}.Debug|Any CPU.Deploy.0 = Debug|Any CPU
		{581A593E-8A4D-4A49-9796-AA1BAF683E5F}.Debug|ARM.ActiveCfg = Debug|Any CPU
		{581A593E-8A4D-4A49-9796-AA1BAF683E5F}.Debug|ARM.Build.0 = Debug|Any CPU
		{581A593E-8A4D-4A49-9796-AA1BAF683E5F}.Debug|ARM.Deploy.0 = Debug|Any CPU
		{581A593E-8A4D-4A49-9796-AA1BAF683E5F}.Debug|iPhone.ActiveCfg = Debug|Any CPU
		{581A593E-8A4D-4A49-9796-AA1BAF683E5F}.Debug|iPhone.Build.0 = Debug|Any CPU
		{581A593E-8A4D-4A49-9796-AA1BAF683E5F}.Debug|iPhone.Deploy.0 = Debug|Any CPU
		{581A593E-8A4D-4A49-9796-AA1BAF683E5F}.Debug|iPhoneSimulator.ActiveCfg = Debug|Any CPU
		{581A593E-8A4D-4A49-9796-AA1BAF683E5F}.Debug|iPhoneSimulator.Build.0 = Debug|Any CPU
		{581A593E-8A4D-4A49-9796-AA1BAF683E5F}.Debug|iPhoneSimulator.Deploy.0 = Debug|Any CPU
		{581A593E-8A4D-4A49-9796-AA1BAF683E5F}.Debug|x64.ActiveCfg = Debug|Any CPU
		{581A593E-8A4D-4A49-9796-AA1BAF683E5F}.Debug|x64.Build.0 = Debug|Any CPU
		{581A593E-8A4D-4A49-9796-AA1BAF683E5F}.Debug|x64.Deploy.0 = Debug|Any CPU
		{581A593E-8A4D-4A49-9796-AA1BAF683E5F}.Debug|x86.ActiveCfg = Debug|Any CPU
		{581A593E-8A4D-4A49-9796-AA1BAF683E5F}.Debug|x86.Build.0 = Debug|Any CPU
		{581A593E-8A4D-4A49-9796-AA1BAF683E5F}.Debug|x86.Deploy.0 = Debug|Any CPU
		{581A593E-8A4D-4A49-9796-AA1BAF683E5F}.Release|Any CPU.ActiveCfg = Release|Any CPU
		{581A593E-8A4D-4A49-9796-AA1BAF683E5F}.Release|Any CPU.Build.0 = Release|Any CPU
		{581A593E-8A4D-4A49-9796-AA1BAF683E5F}.Release|Any CPU.Deploy.0 = Release|Any CPU
		{581A593E-8A4D-4A49-9796-AA1BAF683E5F}.Release|ARM.ActiveCfg = Release|Any CPU
		{581A593E-8A4D-4A49-9796-AA1BAF683E5F}.Release|ARM.Build.0 = Release|Any CPU
		{581A593E-8A4D-4A49-9796-AA1BAF683E5F}.Release|ARM.Deploy.0 = Release|Any CPU
		{581A593E-8A4D-4A49-9796-AA1BAF683E5F}.Release|iPhone.ActiveCfg = Release|Any CPU
		{581A593E-8A4D-4A49-9796-AA1BAF683E5F}.Release|iPhone.Build.0 = Release|Any CPU
		{581A593E-8A4D-4A49-9796-AA1BAF683E5F}.Release|iPhone.Deploy.0 = Release|Any CPU
		{581A593E-8A4D-4A49-9796-AA1BAF683E5F}.Release|iPhoneSimulator.ActiveCfg = Release|Any CPU
		{581A593E-8A4D-4A49-9796-AA1BAF683E5F}.Release|iPhoneSimulator.Build.0 = Release|Any CPU
		{581A593E-8A4D-4A49-9796-AA1BAF683E5F}.Release|iPhoneSimulator.Deploy.0 = Release|Any CPU
		{581A593E-8A4D-4A49-9796-AA1BAF683E5F}.Release|x64.ActiveCfg = Release|Any CPU
		{581A593E-8A4D-4A49-9796-AA1BAF683E5F}.Release|x64.Build.0 = Release|Any CPU
		{581A593E-8A4D-4A49-9796-AA1BAF683E5F}.Release|x64.Deploy.0 = Release|Any CPU
		{581A593E-8A4D-4A49-9796-AA1BAF683E5F}.Release|x86.ActiveCfg = Release|Any CPU
		{581A593E-8A4D-4A49-9796-AA1BAF683E5F}.Release|x86.Build.0 = Release|Any CPU
		{581A593E-8A4D-4A49-9796-AA1BAF683E5F}.Release|x86.Deploy.0 = Release|Any CPU
		{A6EF5F1C-CB6F-400B-913F-CF916E1FA35F}.Debug|Any CPU.ActiveCfg = Debug|iPhoneSimulator
		{A6EF5F1C-CB6F-400B-913F-CF916E1FA35F}.Debug|Any CPU.Build.0 = Debug|iPhoneSimulator
		{A6EF5F1C-CB6F-400B-913F-CF916E1FA35F}.Debug|Any CPU.Deploy.0 = Debug|iPhoneSimulator
		{A6EF5F1C-CB6F-400B-913F-CF916E1FA35F}.Debug|ARM.ActiveCfg = Debug|iPhone
		{A6EF5F1C-CB6F-400B-913F-CF916E1FA35F}.Debug|ARM.Build.0 = Debug|iPhone
		{A6EF5F1C-CB6F-400B-913F-CF916E1FA35F}.Debug|ARM.Deploy.0 = Debug|iPhone
		{A6EF5F1C-CB6F-400B-913F-CF916E1FA35F}.Debug|iPhone.ActiveCfg = Debug|iPhone
		{A6EF5F1C-CB6F-400B-913F-CF916E1FA35F}.Debug|iPhone.Build.0 = Debug|iPhone
		{A6EF5F1C-CB6F-400B-913F-CF916E1FA35F}.Debug|iPhone.Deploy.0 = Debug|iPhone
		{A6EF5F1C-CB6F-400B-913F-CF916E1FA35F}.Debug|iPhoneSimulator.ActiveCfg = Debug|iPhoneSimulator
		{A6EF5F1C-CB6F-400B-913F-CF916E1FA35F}.Debug|iPhoneSimulator.Build.0 = Debug|iPhoneSimulator
		{A6EF5F1C-CB6F-400B-913F-CF916E1FA35F}.Debug|iPhoneSimulator.Deploy.0 = Debug|iPhoneSimulator
		{A6EF5F1C-CB6F-400B-913F-CF916E1FA35F}.Debug|x64.ActiveCfg = Debug|iPhoneSimulator
		{A6EF5F1C-CB6F-400B-913F-CF916E1FA35F}.Debug|x64.Build.0 = Debug|iPhoneSimulator
		{A6EF5F1C-CB6F-400B-913F-CF916E1FA35F}.Debug|x64.Deploy.0 = Debug|iPhoneSimulator
		{A6EF5F1C-CB6F-400B-913F-CF916E1FA35F}.Debug|x86.ActiveCfg = Debug|iPhoneSimulator
		{A6EF5F1C-CB6F-400B-913F-CF916E1FA35F}.Debug|x86.Build.0 = Debug|iPhoneSimulator
		{A6EF5F1C-CB6F-400B-913F-CF916E1FA35F}.Debug|x86.Deploy.0 = Debug|iPhoneSimulator
		{A6EF5F1C-CB6F-400B-913F-CF916E1FA35F}.Release|Any CPU.ActiveCfg = Release|iPhoneSimulator
		{A6EF5F1C-CB6F-400B-913F-CF916E1FA35F}.Release|Any CPU.Build.0 = Release|iPhoneSimulator
		{A6EF5F1C-CB6F-400B-913F-CF916E1FA35F}.Release|Any CPU.Deploy.0 = Release|iPhoneSimulator
		{A6EF5F1C-CB6F-400B-913F-CF916E1FA35F}.Release|ARM.ActiveCfg = Release|iPhoneSimulator
		{A6EF5F1C-CB6F-400B-913F-CF916E1FA35F}.Release|ARM.Build.0 = Release|iPhoneSimulator
		{A6EF5F1C-CB6F-400B-913F-CF916E1FA35F}.Release|ARM.Deploy.0 = Release|iPhoneSimulator
		{A6EF5F1C-CB6F-400B-913F-CF916E1FA35F}.Release|iPhone.ActiveCfg = Release|iPhone
		{A6EF5F1C-CB6F-400B-913F-CF916E1FA35F}.Release|iPhone.Build.0 = Release|iPhone
		{A6EF5F1C-CB6F-400B-913F-CF916E1FA35F}.Release|iPhone.Deploy.0 = Release|iPhone
		{A6EF5F1C-CB6F-400B-913F-CF916E1FA35F}.Release|iPhoneSimulator.ActiveCfg = Release|iPhoneSimulator
		{A6EF5F1C-CB6F-400B-913F-CF916E1FA35F}.Release|iPhoneSimulator.Build.0 = Release|iPhoneSimulator
		{A6EF5F1C-CB6F-400B-913F-CF916E1FA35F}.Release|iPhoneSimulator.Deploy.0 = Release|iPhoneSimulator
		{A6EF5F1C-CB6F-400B-913F-CF916E1FA35F}.Release|x64.ActiveCfg = Release|iPhoneSimulator
		{A6EF5F1C-CB6F-400B-913F-CF916E1FA35F}.Release|x64.Build.0 = Release|iPhoneSimulator
		{A6EF5F1C-CB6F-400B-913F-CF916E1FA35F}.Release|x64.Deploy.0 = Release|iPhoneSimulator
		{A6EF5F1C-CB6F-400B-913F-CF916E1FA35F}.Release|x86.ActiveCfg = Release|iPhoneSimulator
		{A6EF5F1C-CB6F-400B-913F-CF916E1FA35F}.Release|x86.Build.0 = Release|iPhoneSimulator
		{A6EF5F1C-CB6F-400B-913F-CF916E1FA35F}.Release|x86.Deploy.0 = Release|iPhoneSimulator
		{DEC71D60-C46B-495F-85AD-285481708FBB}.Debug|Any CPU.ActiveCfg = Debug|Any CPU
		{DEC71D60-C46B-495F-85AD-285481708FBB}.Debug|Any CPU.Build.0 = Debug|Any CPU
		{DEC71D60-C46B-495F-85AD-285481708FBB}.Debug|Any CPU.Deploy.0 = Debug|Any CPU
		{DEC71D60-C46B-495F-85AD-285481708FBB}.Debug|ARM.ActiveCfg = Debug|Any CPU
		{DEC71D60-C46B-495F-85AD-285481708FBB}.Debug|ARM.Build.0 = Debug|Any CPU
		{DEC71D60-C46B-495F-85AD-285481708FBB}.Debug|ARM.Deploy.0 = Debug|Any CPU
		{DEC71D60-C46B-495F-85AD-285481708FBB}.Debug|iPhone.ActiveCfg = Debug|Any CPU
		{DEC71D60-C46B-495F-85AD-285481708FBB}.Debug|iPhone.Build.0 = Debug|Any CPU
		{DEC71D60-C46B-495F-85AD-285481708FBB}.Debug|iPhone.Deploy.0 = Debug|Any CPU
		{DEC71D60-C46B-495F-85AD-285481708FBB}.Debug|iPhoneSimulator.ActiveCfg = Debug|Any CPU
		{DEC71D60-C46B-495F-85AD-285481708FBB}.Debug|iPhoneSimulator.Build.0 = Debug|Any CPU
		{DEC71D60-C46B-495F-85AD-285481708FBB}.Debug|iPhoneSimulator.Deploy.0 = Debug|Any CPU
		{DEC71D60-C46B-495F-85AD-285481708FBB}.Debug|x64.ActiveCfg = Debug|Any CPU
		{DEC71D60-C46B-495F-85AD-285481708FBB}.Debug|x64.Build.0 = Debug|Any CPU
		{DEC71D60-C46B-495F-85AD-285481708FBB}.Debug|x64.Deploy.0 = Debug|Any CPU
		{DEC71D60-C46B-495F-85AD-285481708FBB}.Debug|x86.ActiveCfg = Debug|Any CPU
		{DEC71D60-C46B-495F-85AD-285481708FBB}.Debug|x86.Build.0 = Debug|Any CPU
		{DEC71D60-C46B-495F-85AD-285481708FBB}.Debug|x86.Deploy.0 = Debug|Any CPU
		{DEC71D60-C46B-495F-85AD-285481708FBB}.Release|Any CPU.ActiveCfg = Release|Any CPU
		{DEC71D60-C46B-495F-85AD-285481708FBB}.Release|Any CPU.Build.0 = Release|Any CPU
		{DEC71D60-C46B-495F-85AD-285481708FBB}.Release|Any CPU.Deploy.0 = Release|Any CPU
		{DEC71D60-C46B-495F-85AD-285481708FBB}.Release|ARM.ActiveCfg = Release|Any CPU
		{DEC71D60-C46B-495F-85AD-285481708FBB}.Release|ARM.Build.0 = Release|Any CPU
		{DEC71D60-C46B-495F-85AD-285481708FBB}.Release|ARM.Deploy.0 = Release|Any CPU
		{DEC71D60-C46B-495F-85AD-285481708FBB}.Release|iPhone.ActiveCfg = Release|Any CPU
		{DEC71D60-C46B-495F-85AD-285481708FBB}.Release|iPhone.Build.0 = Release|Any CPU
		{DEC71D60-C46B-495F-85AD-285481708FBB}.Release|iPhone.Deploy.0 = Release|Any CPU
		{DEC71D60-C46B-495F-85AD-285481708FBB}.Release|iPhoneSimulator.ActiveCfg = Release|Any CPU
		{DEC71D60-C46B-495F-85AD-285481708FBB}.Release|iPhoneSimulator.Build.0 = Release|Any CPU
		{DEC71D60-C46B-495F-85AD-285481708FBB}.Release|iPhoneSimulator.Deploy.0 = Release|Any CPU
		{DEC71D60-C46B-495F-85AD-285481708FBB}.Release|x64.ActiveCfg = Release|Any CPU
		{DEC71D60-C46B-495F-85AD-285481708FBB}.Release|x64.Build.0 = Release|Any CPU
		{DEC71D60-C46B-495F-85AD-285481708FBB}.Release|x64.Deploy.0 = Release|Any CPU
		{DEC71D60-C46B-495F-85AD-285481708FBB}.Release|x86.ActiveCfg = Release|Any CPU
		{DEC71D60-C46B-495F-85AD-285481708FBB}.Release|x86.Build.0 = Release|Any CPU
		{DEC71D60-C46B-495F-85AD-285481708FBB}.Release|x86.Deploy.0 = Release|Any CPU
	EndGlobalSection
	GlobalSection(SolutionProperties) = preSolution
		HideSolutionNode = FALSE
	EndGlobalSection
	GlobalSection(ExtensibilityGlobals) = postSolution
		SolutionGuid = {2DF2EBF2-82C7-45A8-883C-EE83A883216E}
	EndGlobalSection
EndGlobal
