
Microsoft Visual Studio Solution File, Format Version 12.00
# Visual Studio Version 16
VisualStudioVersion = 16.0.31205.134
MinimumVisualStudioVersion = 10.0.40219.1
Project("{FAE04EC0-301F-11D3-BF4B-00C04F79EFBC}") = "HelloApp.UWP", "HelloApp.UWP\HelloApp.UWP.csproj", "{2F314E56-886B-464D-A408-6225F1E0FDB1}"
EndProject
Project("{FAE04EC0-301F-11D3-BF4B-00C04F79EFBC}") = "HelloApp.Android", "HelloApp.Android\HelloApp.Android.csproj", "{9C65773A-924E-4753-AF79-F0616E6DAB5A}"
EndProject
Project("{FAE04EC0-301F-11D3-BF4B-00C04F79EFBC}") = "HelloApp.iOS", "HelloApp.iOS\HelloApp.iOS.csproj", "{5F2516D5-95BF-43E4-8DA2-711F7758D60D}"
EndProject
Project("{FAE04EC0-301F-11D3-BF4B-00C04F79EFBC}") = "HelloApp", "HelloApp\HelloApp.csproj", "{2A39CD4A-9B77-4A92-BEC8-F73559E96863}"
EndProject
Global
	GlobalSection(SolutionConfigurationPlatforms) = preSolution
		Debug|Any CPU = Debug|Any CPU
		Debug|ARM = Debug|ARM
		Debug|iPhone = Debug|iPhone
		Debug|iPhoneSimulator = Debug|iPhoneSimulator
		Debug|x64 = Debug|x64
		Debug|x86 = Debug|x86
		Release|Any CPU = Release|Any CPU
		Release|ARM = Release|ARM
		Release|iPhone = Release|iPhone
		Release|iPhoneSimulator = Release|iPhoneSimulator
		Release|x64 = Release|x64
		Release|x86 = Release|x86
	EndGlobalSection
	GlobalSection(ProjectConfigurationPlatforms) = postSolution
		{2F314E56-886B-464D-A408-6225F1E0FDB1}.Debug|Any CPU.ActiveCfg = Debug|x86
		{2F314E56-886B-464D-A408-6225F1E0FDB1}.Debug|Any CPU.Build.0 = Debug|x86
		{2F314E56-886B-464D-A408-6225F1E0FDB1}.Debug|Any CPU.Deploy.0 = Debug|x86
		{2F314E56-886B-464D-A408-6225F1E0FDB1}.Debug|ARM.ActiveCfg = Debug|ARM
		{2F314E56-886B-464D-A408-6225F1E0FDB1}.Debug|ARM.Build.0 = Debug|ARM
		{2F314E56-886B-464D-A408-6225F1E0FDB1}.Debug|ARM.Deploy.0 = Debug|ARM
		{2F314E56-886B-464D-A408-6225F1E0FDB1}.Debug|iPhone.ActiveCfg = Debug|x86
		{2F314E56-886B-464D-A408-6225F1E0FDB1}.Debug|iPhone.Build.0 = Debug|x86
		{2F314E56-886B-464D-A408-6225F1E0FDB1}.Debug|iPhone.Deploy.0 = Debug|x86
		{2F314E56-886B-464D-A408-6225F1E0FDB1}.Debug|iPhoneSimulator.ActiveCfg = Debug|x86
		{2F314E56-886B-464D-A408-6225F1E0FDB1}.Debug|iPhoneSimulator.Build.0 = Debug|x86
		{2F314E56-886B-464D-A408-6225F1E0FDB1}.Debug|iPhoneSimulator.Deploy.0 = Debug|x86
		{2F314E56-886B-464D-A408-6225F1E0FDB1}.Debug|x64.ActiveCfg = Debug|x64
		{2F314E56-886B-464D-A408-6225F1E0FDB1}.Debug|x64.Build.0 = Debug|x64
		{2F314E56-886B-464D-A408-6225F1E0FDB1}.Debug|x64.Deploy.0 = Debug|x64
		{2F314E56-886B-464D-A408-6225F1E0FDB1}.Debug|x86.ActiveCfg = Debug|x86
		{2F314E56-886B-464D-A408-6225F1E0FDB1}.Debug|x86.Build.0 = Debug|x86
		{2F314E56-886B-464D-A408-6225F1E0FDB1}.Debug|x86.Deploy.0 = Debug|x86
		{2F314E56-886B-464D-A408-6225F1E0FDB1}.Release|Any CPU.ActiveCfg = Release|x86
		{2F314E56-886B-464D-A408-6225F1E0FDB1}.Release|Any CPU.Build.0 = Release|x86
		{2F314E56-886B-464D-A408-6225F1E0FDB1}.Release|Any CPU.Deploy.0 = Release|x86
		{2F314E56-886B-464D-A408-6225F1E0FDB1}.Release|ARM.ActiveCfg = Release|ARM
		{2F314E56-886B-464D-A408-6225F1E0FDB1}.Release|ARM.Build.0 = Release|ARM
		{2F314E56-886B-464D-A408-6225F1E0FDB1}.Release|ARM.Deploy.0 = Release|ARM
		{2F314E56-886B-464D-A408-6225F1E0FDB1}.Release|iPhone.ActiveCfg = Release|x86
		{2F314E56-886B-464D-A408-6225F1E0FDB1}.Release|iPhone.Build.0 = Release|x86
		{2F314E56-886B-464D-A408-6225F1E0FDB1}.Release|iPhone.Deploy.0 = Release|x86
		{2F314E56-886B-464D-A408-6225F1E0FDB1}.Release|iPhoneSimulator.ActiveCfg = Release|x86
		{2F314E56-886B-464D-A408-6225F1E0FDB1}.Release|iPhoneSimulator.Build.0 = Release|x86
		{2F314E56-886B-464D-A408-6225F1E0FDB1}.Release|iPhoneSimulator.Deploy.0 = Release|x86
		{2F314E56-886B-464D-A408-6225F1E0FDB1}.Release|x64.ActiveCfg = Release|x64
		{2F314E56-886B-464D-A408-6225F1E0FDB1}.Release|x64.Build.0 = Release|x64
		{2F314E56-886B-464D-A408-6225F1E0FDB1}.Release|x64.Deploy.0 = Release|x64
		{2F314E56-886B-464D-A408-6225F1E0FDB1}.Release|x86.ActiveCfg = Release|x86
		{2F314E56-886B-464D-A408-6225F1E0FDB1}.Release|x86.Build.0 = Release|x86
		{2F314E56-886B-464D-A408-6225F1E0FDB1}.Release|x86.Deploy.0 = Release|x86
		{9C65773A-924E-4753-AF79-F0616E6DAB5A}.Debug|Any CPU.ActiveCfg = Debug|Any CPU
		{9C65773A-924E-4753-AF79-F0616E6DAB5A}.Debug|Any CPU.Build.0 = Debug|Any CPU
		{9C65773A-924E-4753-AF79-F0616E6DAB5A}.Debug|Any CPU.Deploy.0 = Debug|Any CPU
		{9C65773A-924E-4753-AF79-F0616E6DAB5A}.Debug|ARM.ActiveCfg = Debug|Any CPU
		{9C65773A-924E-4753-AF79-F0616E6DAB5A}.Debug|ARM.Build.0 = Debug|Any CPU
		{9C65773A-924E-4753-AF79-F0616E6DAB5A}.Debug|ARM.Deploy.0 = Debug|Any CPU
		{9C65773A-924E-4753-AF79-F0616E6DAB5A}.Debug|iPhone.ActiveCfg = Debug|Any CPU
		{9C65773A-924E-4753-AF79-F0616E6DAB5A}.Debug|iPhone.Build.0 = Debug|Any CPU
		{9C65773A-924E-4753-AF79-F0616E6DAB5A}.Debug|iPhone.Deploy.0 = Debug|Any CPU
		{9C65773A-924E-4753-AF79-F0616E6DAB5A}.Debug|iPhoneSimulator.ActiveCfg = Debug|Any CPU
		{9C65773A-924E-4753-AF79-F0616E6DAB5A}.Debug|iPhoneSimulator.Build.0 = Debug|Any CPU
		{9C65773A-924E-4753-AF79-F0616E6DAB5A}.Debug|iPhoneSimulator.Deploy.0 = Debug|Any CPU
		{9C65773A-924E-4753-AF79-F0616E6DAB5A}.Debug|x64.ActiveCfg = Debug|Any CPU
		{9C65773A-924E-4753-AF79-F0616E6DAB5A}.Debug|x64.Build.0 = Debug|Any CPU
		{9C65773A-924E-4753-AF79-F0616E6DAB5A}.Debug|x64.Deploy.0 = Debug|Any CPU
		{9C65773A-924E-4753-AF79-F0616E6DAB5A}.Debug|x86.ActiveCfg = Debug|Any CPU
		{9C65773A-924E-4753-AF79-F0616E6DAB5A}.Debug|x86.Build.0 = Debug|Any CPU
		{9C65773A-924E-4753-AF79-F0616E6DAB5A}.Debug|x86.Deploy.0 = Debug|Any CPU
		{9C65773A-924E-4753-AF79-F0616E6DAB5A}.Release|Any CPU.ActiveCfg = Release|Any CPU
		{9C65773A-924E-4753-AF79-F0616E6DAB5A}.Release|Any CPU.Build.0 = Release|Any CPU
		{9C65773A-924E-4753-AF79-F0616E6DAB5A}.Release|Any CPU.Deploy.0 = Release|Any CPU
		{9C65773A-924E-4753-AF79-F0616E6DAB5A}.Release|ARM.ActiveCfg = Release|Any CPU
		{9C65773A-924E-4753-AF79-F0616E6DAB5A}.Release|ARM.Build.0 = Release|Any CPU
		{9C65773A-924E-4753-AF79-F0616E6DAB5A}.Release|ARM.Deploy.0 = Release|Any CPU
		{9C65773A-924E-4753-AF79-F0616E6DAB5A}.Release|iPhone.ActiveCfg = Release|Any CPU
		{9C65773A-924E-4753-AF79-F0616E6DAB5A}.Release|iPhone.Build.0 = Release|Any CPU
		{9C65773A-924E-4753-AF79-F0616E6DAB5A}.Release|iPhone.Deploy.0 = Release|Any CPU
		{9C65773A-924E-4753-AF79-F0616E6DAB5A}.Release|iPhoneSimulator.ActiveCfg = Release|Any CPU
		{9C65773A-924E-4753-AF79-F0616E6DAB5A}.Release|iPhoneSimulator.Build.0 = Release|Any CPU
		{9C65773A-924E-4753-AF79-F0616E6DAB5A}.Release|iPhoneSimulator.Deploy.0 = Release|Any CPU
		{9C65773A-924E-4753-AF79-F0616E6DAB5A}.Release|x64.ActiveCfg = Release|Any CPU
		{9C65773A-924E-4753-AF79-F0616E6DAB5A}.Release|x64.Build.0 = Release|Any CPU
		{9C65773A-924E-4753-AF79-F0616E6DAB5A}.Release|x64.Deploy.0 = Release|Any CPU
		{9C65773A-924E-4753-AF79-F0616E6DAB5A}.Release|x86.ActiveCfg = Release|Any CPU
		{9C65773A-924E-4753-AF79-F0616E6DAB5A}.Release|x86.Build.0 = Release|Any CPU
		{9C65773A-924E-4753-AF79-F0616E6DAB5A}.Release|x86.Deploy.0 = Release|Any CPU
		{5F2516D5-95BF-43E4-8DA2-711F7758D60D}.Debug|Any CPU.ActiveCfg = Debug|iPhoneSimulator
		{5F2516D5-95BF-43E4-8DA2-711F7758D60D}.Debug|Any CPU.Build.0 = Debug|iPhoneSimulator
		{5F2516D5-95BF-43E4-8DA2-711F7758D60D}.Debug|Any CPU.Deploy.0 = Debug|iPhoneSimulator
		{5F2516D5-95BF-43E4-8DA2-711F7758D60D}.Debug|ARM.ActiveCfg = Debug|iPhone
		{5F2516D5-95BF-43E4-8DA2-711F7758D60D}.Debug|ARM.Build.0 = Debug|iPhone
		{5F2516D5-95BF-43E4-8DA2-711F7758D60D}.Debug|ARM.Deploy.0 = Debug|iPhone
		{5F2516D5-95BF-43E4-8DA2-711F7758D60D}.Debug|iPhone.ActiveCfg = Debug|iPhone
		{5F2516D5-95BF-43E4-8DA2-711F7758D60D}.Debug|iPhone.Build.0 = Debug|iPhone
		{5F2516D5-95BF-43E4-8DA2-711F7758D60D}.Debug|iPhone.Deploy.0 = Debug|iPhone
		{5F2516D5-95BF-43E4-8DA2-711F7758D60D}.Debug|iPhoneSimulator.ActiveCfg = Debug|iPhoneSimulator
		{5F2516D5-95BF-43E4-8DA2-711F7758D60D}.Debug|iPhoneSimulator.Build.0 = Debug|iPhoneSimulator
		{5F2516D5-95BF-43E4-8DA2-711F7758D60D}.Debug|iPhoneSimulator.Deploy.0 = Debug|iPhoneSimulator
		{5F2516D5-95BF-43E4-8DA2-711F7758D60D}.Debug|x64.ActiveCfg = Debug|iPhoneSimulator
		{5F2516D5-95BF-43E4-8DA2-711F7758D60D}.Debug|x64.Build.0 = Debug|iPhoneSimulator
		{5F2516D5-95BF-43E4-8DA2-711F7758D60D}.Debug|x64.Deploy.0 = Debug|iPhoneSimulator
		{5F2516D5-95BF-43E4-8DA2-711F7758D60D}.Debug|x86.ActiveCfg = Debug|iPhoneSimulator
		{5F2516D5-95BF-43E4-8DA2-711F7758D60D}.Debug|x86.Build.0 = Debug|iPhoneSimulator
		{5F2516D5-95BF-43E4-8DA2-711F7758D60D}.Debug|x86.Deploy.0 = Debug|iPhoneSimulator
		{5F2516D5-95BF-43E4-8DA2-711F7758D60D}.Release|Any CPU.ActiveCfg = Release|iPhoneSimulator
		{5F2516D5-95BF-43E4-8DA2-711F7758D60D}.Release|Any CPU.Build.0 = Release|iPhoneSimulator
		{5F2516D5-95BF-43E4-8DA2-711F7758D60D}.Release|Any CPU.Deploy.0 = Release|iPhoneSimulator
		{5F2516D5-95BF-43E4-8DA2-711F7758D60D}.Release|ARM.ActiveCfg = Release|iPhoneSimulator
		{5F2516D5-95BF-43E4-8DA2-711F7758D60D}.Release|ARM.Build.0 = Release|iPhoneSimulator
		{5F2516D5-95BF-43E4-8DA2-711F7758D60D}.Release|ARM.Deploy.0 = Release|iPhoneSimulator
		{5F2516D5-95BF-43E4-8DA2-711F7758D60D}.Release|iPhone.ActiveCfg = Release|iPhone
		{5F2516D5-95BF-43E4-8DA2-711F7758D60D}.Release|iPhone.Build.0 = Release|iPhone
		{5F2516D5-95BF-43E4-8DA2-711F7758D60D}.Release|iPhone.Deploy.0 = Release|iPhone
		{5F2516D5-95BF-43E4-8DA2-711F7758D60D}.Release|iPhoneSimulator.ActiveCfg = Release|iPhoneSimulator
		{5F2516D5-95BF-43E4-8DA2-711F7758D60D}.Release|iPhoneSimulator.Build.0 = Release|iPhoneSimulator
		{5F2516D5-95BF-43E4-8DA2-711F7758D60D}.Release|iPhoneSimulator.Deploy.0 = Release|iPhoneSimulator
		{5F2516D5-95BF-43E4-8DA2-711F7758D60D}.Release|x64.ActiveCfg = Release|iPhoneSimulator
		{5F2516D5-95BF-43E4-8DA2-711F7758D60D}.Release|x64.Build.0 = Release|iPhoneSimulator
		{5F2516D5-95BF-43E4-8DA2-711F7758D60D}.Release|x64.Deploy.0 = Release|iPhoneSimulator
		{5F2516D5-95BF-43E4-8DA2-711F7758D60D}.Release|x86.ActiveCfg = Release|iPhoneSimulator
		{5F2516D5-95BF-43E4-8DA2-711F7758D60D}.Release|x86.Build.0 = Release|iPhoneSimulator
		{5F2516D5-95BF-43E4-8DA2-711F7758D60D}.Release|x86.Deploy.0 = Release|iPhoneSimulator
		{2A39CD4A-9B77-4A92-BEC8-F73559E96863}.Debug|Any CPU.ActiveCfg = Debug|Any CPU
		{2A39CD4A-9B77-4A92-BEC8-F73559E96863}.Debug|Any CPU.Build.0 = Debug|Any CPU
		{2A39CD4A-9B77-4A92-BEC8-F73559E96863}.Debug|Any CPU.Deploy.0 = Debug|Any CPU
		{2A39CD4A-9B77-4A92-BEC8-F73559E96863}.Debug|ARM.ActiveCfg = Debug|Any CPU
		{2A39CD4A-9B77-4A92-BEC8-F73559E96863}.Debug|ARM.Build.0 = Debug|Any CPU
		{2A39CD4A-9B77-4A92-BEC8-F73559E96863}.Debug|ARM.Deploy.0 = Debug|Any CPU
		{2A39CD4A-9B77-4A92-BEC8-F73559E96863}.Debug|iPhone.ActiveCfg = Debug|Any CPU
		{2A39CD4A-9B77-4A92-BEC8-F73559E96863}.Debug|iPhone.Build.0 = Debug|Any CPU
		{2A39CD4A-9B77-4A92-BEC8-F73559E96863}.Debug|iPhone.Deploy.0 = Debug|Any CPU
		{2A39CD4A-9B77-4A92-BEC8-F73559E96863}.Debug|iPhoneSimulator.ActiveCfg = Debug|Any CPU
		{2A39CD4A-9B77-4A92-BEC8-F73559E96863}.Debug|iPhoneSimulator.Build.0 = Debug|Any CPU
		{2A39CD4A-9B77-4A92-BEC8-F73559E96863}.Debug|iPhoneSimulator.Deploy.0 = Debug|Any CPU
		{2A39CD4A-9B77-4A92-BEC8-F73559E96863}.Debug|x64.ActiveCfg = Debug|Any CPU
		{2A39CD4A-9B77-4A92-BEC8-F73559E96863}.Debug|x64.Build.0 = Debug|Any CPU
		{2A39CD4A-9B77-4A92-BEC8-F73559E96863}.Debug|x64.Deploy.0 = Debug|Any CPU
		{2A39CD4A-9B77-4A92-BEC8-F73559E96863}.Debug|x86.ActiveCfg = Debug|Any CPU
		{2A39CD4A-9B77-4A92-BEC8-F73559E96863}.Debug|x86.Build.0 = Debug|Any CPU
		{2A39CD4A-9B77-4A92-BEC8-F73559E96863}.Debug|x86.Deploy.0 = Debug|Any CPU
		{2A39CD4A-9B77-4A92-BEC8-F73559E96863}.Release|Any CPU.ActiveCfg = Release|Any CPU
		{2A39CD4A-9B77-4A92-BEC8-F73559E96863}.Release|Any CPU.Build.0 = Release|Any CPU
		{2A39CD4A-9B77-4A92-BEC8-F73559E96863}.Release|Any CPU.Deploy.0 = Release|Any CPU
		{2A39CD4A-9B77-4A92-BEC8-F73559E96863}.Release|ARM.ActiveCfg = Release|Any CPU
		{2A39CD4A-9B77-4A92-BEC8-F73559E96863}.Release|ARM.Build.0 = Release|Any CPU
		{2A39CD4A-9B77-4A92-BEC8-F73559E96863}.Release|ARM.Deploy.0 = Release|Any CPU
		{2A39CD4A-9B77-4A92-BEC8-F73559E96863}.Release|iPhone.ActiveCfg = Release|Any CPU
		{2A39CD4A-9B77-4A92-BEC8-F73559E96863}.Release|iPhone.Build.0 = Release|Any CPU
		{2A39CD4A-9B77-4A92-BEC8-F73559E96863}.Release|iPhone.Deploy.0 = Release|Any CPU
		{2A39CD4A-9B77-4A92-BEC8-F73559E96863}.Release|iPhoneSimulator.ActiveCfg = Release|Any CPU
		{2A39CD4A-9B77-4A92-BEC8-F73559E96863}.Release|iPhoneSimulator.Build.0 = Release|Any CPU
		{2A39CD4A-9B77-4A92-BEC8-F73559E96863}.Release|iPhoneSimulator.Deploy.0 = Release|Any CPU
		{2A39CD4A-9B77-4A92-BEC8-F73559E96863}.Release|x64.ActiveCfg = Release|Any CPU
		{2A39CD4A-9B77-4A92-BEC8-F73559E96863}.Release|x64.Build.0 = Release|Any CPU
		{2A39CD4A-9B77-4A92-BEC8-F73559E96863}.Release|x64.Deploy.0 = Release|Any CPU
		{2A39CD4A-9B77-4A92-BEC8-F73559E96863}.Release|x86.ActiveCfg = Release|Any CPU
		{2A39CD4A-9B77-4A92-BEC8-F73559E96863}.Release|x86.Build.0 = Release|Any CPU
		{2A39CD4A-9B77-4A92-BEC8-F73559E96863}.Release|x86.Deploy.0 = Release|Any CPU
	EndGlobalSection
	GlobalSection(SolutionProperties) = preSolution
		HideSolutionNode = FALSE
	EndGlobalSection
	GlobalSection(ExtensibilityGlobals) = postSolution
		SolutionGuid = {C65F30C8-F4A1-4881-B19A-43645466C449}
	EndGlobalSection
EndGlobal
